
Microsoft Visual Studio Solution File, Format Version 12.00
# Visual Studio 2013
VisualStudioVersion = 12.0.31101.0
MinimumVisualStudioVersion = 10.0.40219.1
Project("{2150E333-8FDC-42A3-9474-1A3956D46DE8}") = "Source", "Source", "{783D5000-6184-438A-9B01-3D7090C819E2}"
EndProject
Project("{2150E333-8FDC-42A3-9474-1A3956D46DE8}") = "Scripts", "Scripts", "{0DB56C1C-61C0-4CB6-BE68-E0887CF2E823}"
	ProjectSection(SolutionItems) = preProject
		Scripts\SolutionPostBuild.ps1 = Scripts\SolutionPostBuild.ps1
		Scripts\SolutionPreBuild.ps1 = Scripts\SolutionPreBuild.ps1
	EndProjectSection
EndProject
Project("{2150E333-8FDC-42A3-9474-1A3956D46DE8}") = "Nuget", "Nuget", "{258FCE06-C495-4151-B81D-71BA31C282E2}"
	ProjectSection(SolutionItems) = preProject
		nuget\PervasiveDigital.Diagnostics.nuspec = nuget\PervasiveDigital.Diagnostics.nuspec
		nuget\PervasiveDigital.Hardware.ESP8266.nuspec = nuget\PervasiveDigital.Hardware.ESP8266.nuspec
		nuget\PervasiveDigital.Net.Azure.MobileServices.nuspec = nuget\PervasiveDigital.Net.Azure.MobileServices.nuspec
		nuget\PervasiveDigital.Net.Azure.Storage.nuspec = nuget\PervasiveDigital.Net.Azure.Storage.nuspec
		nuget\PervasiveDigital.Net.nuspec = nuget\PervasiveDigital.Net.nuspec
		nuget\PervasiveDigital.Security.ManagedProviders.nuspec = nuget\PervasiveDigital.Security.ManagedProviders.nuspec
		nuget\PervasiveDigital.Utility.nuspec = nuget\PervasiveDigital.Utility.nuspec
		Version.xml = Version.xml
	EndProjectSection
EndProject
Project("{2150E333-8FDC-42A3-9474-1A3956D46DE8}") = ".nuget", ".nuget", "{2F1FD6BD-AC44-490B-B840-7C0A9179D292}"
	ProjectSection(SolutionItems) = preProject
		.nuget\NuGet.Config = .nuget\NuGet.Config
		.nuget\NuGet.exe = .nuget\NuGet.exe
		.nuget\NuGet.targets = .nuget\NuGet.targets
	EndProjectSection
EndProject
Project("{2150E333-8FDC-42A3-9474-1A3956D46DE8}") = "Tagger", "Tagger", "{50469662-C03C-459D-A548-014A2588B4E0}"
EndProject
Project("{2150E333-8FDC-42A3-9474-1A3956D46DE8}") = "Common", "Common", "{B33BAB01-0854-4D5A-9B90-E4FC1156CFDA}"
EndProject
Project("{2150E333-8FDC-42A3-9474-1A3956D46DE8}") = "netmf43", "netmf43", "{A81603A3-C404-441A-B2D1-8F5583046005}"
EndProject
Project("{2150E333-8FDC-42A3-9474-1A3956D46DE8}") = "netmf44", "netmf44", "{3190C22A-CF74-4608-8258-E57578589088}"
EndProject
Project("{FAE04EC0-301F-11D3-BF4B-00C04F79EFBC}") = "PervasiveDigital.Diagnostics.netmf43", "netmf43\PervasiveDigital.Diagnostics\PervasiveDigital.Diagnostics.netmf43.csproj", "{95FCA797-76BC-4A56-B913-92EF6B22C6E8}"
EndProject
Project("{FAE04EC0-301F-11D3-BF4B-00C04F79EFBC}") = "PervasiveDigital.Hardware.ESP8266.netmf43", "netmf43\PervasiveDigital.Hardware.ESP8266\PervasiveDigital.Hardware.ESP8266.netmf43.csproj", "{6ACF69A5-42F6-415D-A2E0-E50107F75D4C}"
EndProject
Project("{FAE04EC0-301F-11D3-BF4B-00C04F79EFBC}") = "PervasiveDigital.Net.netmf43", "netmf43\PervasiveDigital.Net\PervasiveDigital.Net.netmf43.csproj", "{89957C1B-A0EF-487A-9C0B-2B33DA57231E}"
EndProject
Project("{FAE04EC0-301F-11D3-BF4B-00C04F79EFBC}") = "PervasiveDigital.Net.Azure.MobileServices.netmf43", "netmf43\PervasiveDigital.Net.Azure.MobileServices\PervasiveDigital.Net.Azure.MobileServices.netmf43.csproj", "{C7CA334C-7DB3-4B1E-83EE-864FE091195B}"
EndProject
Project("{FAE04EC0-301F-11D3-BF4B-00C04F79EFBC}") = "PervasiveDigital.Net.Azure.Storage.netmf43", "netmf43\PervasiveDigital.Net.Azure.Storage\PervasiveDigital.Net.Azure.Storage.netmf43.csproj", "{ADFB7B3A-EBA1-48CB-A896-A92AF20389C0}"
EndProject
Project("{FAE04EC0-301F-11D3-BF4B-00C04F79EFBC}") = "PervasiveDigital.Security.ManagedProviders.netmf43", "netmf43\PervasiveDigital.Security.ManagedProviders\PervasiveDigital.Security.ManagedProviders.netmf43.csproj", "{A5289EC5-D381-4937-ABC5-5E9F41F4FDCC}"
EndProject
Project("{FAE04EC0-301F-11D3-BF4B-00C04F79EFBC}") = "PervasiveDigital.Utility.netmf43", "netmf43\PervasiveDigital.Utility\PervasiveDigital.Utility.netmf43.csproj", "{C8BD7C9D-9ECE-4E98-A2C3-0B0576538FF6}"
EndProject
Project("{2150E333-8FDC-42A3-9474-1A3956D46DE8}") = "Test", "Test", "{36830DF2-75D9-450C-928B-2F6CEE6B3D9A}"
EndProject
Project("{FAE04EC0-301F-11D3-BF4B-00C04F79EFBC}") = "AzureBlobTest.netmf43", "netmf43\Tests\AzureBlobTest\AzureBlobTest.netmf43.csproj", "{D8D48FE3-F89D-4CFD-99C6-AD17123ACC6A}"
EndProject
Project("{FAE04EC0-301F-11D3-BF4B-00C04F79EFBC}") = "SimpleHttpTest.netmf43", "netmf43\Tests\SimpleHttpTest\SimpleHttpTest.netmf43.csproj", "{BAFC389E-3509-409E-9160-714B385F33E7}"
EndProject
Project("{FAE04EC0-301F-11D3-BF4B-00C04F79EFBC}") = "UpdateTest.netmf43", "netmf43\Tests\UpdateTest\UpdateTest.netmf43.csproj", "{D493C577-68A9-4B47-9F90-37F54421A63A}"
EndProject
Project("{FAE04EC0-301F-11D3-BF4B-00C04F79EFBC}") = "DiagnosticsTest.netmf43", "netmf43\Tests\DiagnosticsTest\DiagnosticsTest.netmf43.csproj", "{12FB8898-8DB0-4570-8454-CAF33D0A2C31}"
EndProject
Project("{FAE04EC0-301F-11D3-BF4B-00C04F79EFBC}") = "BuildNugetPackages", "BuildNugetPackages\BuildNugetPackages.csproj", "{E4593F41-2C52-449D-BA30-762F067FEFD3}"
	ProjectSection(ProjectDependencies) = postProject
		{12E19B00-49AB-49CC-AC36-A534D61D65F2} = {12E19B00-49AB-49CC-AC36-A534D61D65F2}
		{89957C1B-A0EF-487A-9C0B-2B33DA57231E} = {89957C1B-A0EF-487A-9C0B-2B33DA57231E}
		{ADFB7B3A-EBA1-48CB-A896-A92AF20389C0} = {ADFB7B3A-EBA1-48CB-A896-A92AF20389C0}
		{C7CA334C-7DB3-4B1E-83EE-864FE091195B} = {C7CA334C-7DB3-4B1E-83EE-864FE091195B}
		{9FDDB085-8ABE-40B7-9718-2396F3101B50} = {9FDDB085-8ABE-40B7-9718-2396F3101B50}
		{2A160B94-894D-4FB2-AC91-0A661B7487BA} = {2A160B94-894D-4FB2-AC91-0A661B7487BA}
		{95FCA797-76BC-4A56-B913-92EF6B22C6E8} = {95FCA797-76BC-4A56-B913-92EF6B22C6E8}
		{C8BD7C9D-9ECE-4E98-A2C3-0B0576538FF6} = {C8BD7C9D-9ECE-4E98-A2C3-0B0576538FF6}
		{6F714FA5-1DDC-473F-95CE-7DFB45E8E182} = {6F714FA5-1DDC-473F-95CE-7DFB45E8E182}
		{6ACF69A5-42F6-415D-A2E0-E50107F75D4C} = {6ACF69A5-42F6-415D-A2E0-E50107F75D4C}
		{B1B0EDBE-2ED4-4FB7-8E43-047A32FD64CF} = {B1B0EDBE-2ED4-4FB7-8E43-047A32FD64CF}
		{D0CF87C0-73B7-4E66-AE4C-D8A27C206F89} = {D0CF87C0-73B7-4E66-AE4C-D8A27C206F89}
		{A5289EC5-D381-4937-ABC5-5E9F41F4FDCC} = {A5289EC5-D381-4937-ABC5-5E9F41F4FDCC}
		{995E19DC-F7B9-4D81-AE6D-5B41415CFA5E} = {995E19DC-F7B9-4D81-AE6D-5B41415CFA5E}
	EndProjectSection
EndProject
Project("{D954291E-2A0B-460D-934E-DC6B0785DB48}") = "PervasiveDigital.Diagnostics.Shared", "Common\PervasiveDigital.Diagnostics.Shared\PervasiveDigital.Diagnostics.Shared.shproj", "{37583001-3E11-4FD1-84A5-6438FEF03436}"
EndProject
Project("{D954291E-2A0B-460D-934E-DC6B0785DB48}") = "PervasiveDigital.Hardware.ESP8266.Shared", "Common\PervasiveDigital.Hardware.ESP8266.Shared\PervasiveDigital.Hardware.ESP8266.Shared.shproj", "{9385B516-1C5E-47C0-B6F5-DAFE5BF44F3B}"
EndProject
Project("{D954291E-2A0B-460D-934E-DC6B0785DB48}") = "PervasiveDigital.Net.Azure.MobileServices.Shared", "Common\PervasiveDigital.Net.Azure.MobileServices.Shared\PervasiveDigital.Net.Azure.MobileServices.Shared.shproj", "{90D329AA-F973-4076-AD44-33F6CE771994}"
EndProject
Project("{D954291E-2A0B-460D-934E-DC6B0785DB48}") = "PervasiveDigital.Utility.Shared", "Common\PervasiveDigital.Utility.Shared\PervasiveDigital.Utility.Shared.shproj", "{4B23CEB3-F360-40B1-A624-33F4BB11D1B8}"
EndProject
Project("{D954291E-2A0B-460D-934E-DC6B0785DB48}") = "PervasiveDigital.Security.ManagedProviders.Shared", "Common\PervasiveDigital.Security.ManagedProviders.Shared\PervasiveDigital.Security.ManagedProviders.Shared.shproj", "{2A8E71E3-C27F-4E5D-B255-BDCDB1894492}"
EndProject
Project("{D954291E-2A0B-460D-934E-DC6B0785DB48}") = "PervasiveDigital.Net.Shared", "Common\PervasiveDigital.Net.Shared\PervasiveDigital.Net.Shared.shproj", "{FD548668-A4D8-4E9F-9FB0-505E66CA9A46}"
EndProject
Project("{D954291E-2A0B-460D-934E-DC6B0785DB48}") = "PervasiveDigital.Net.Azure.Storage.Shared", "Common\PervasiveDigital.Net.Azure.Storage.Shared\PervasiveDigital.Net.Azure.Storage.Shared.shproj", "{1ACF7038-AA93-42C6-8BB7-F827268E59F6}"
EndProject
Project("{FAE04EC0-301F-11D3-BF4B-00C04F79EFBC}") = "PervasiveDigital.Diagnostics.netmf44", "netmf44\PervasiveDigital.Diagnostics\PervasiveDigital.Diagnostics.netmf44.csproj", "{995E19DC-F7B9-4D81-AE6D-5B41415CFA5E}"
EndProject
Project("{FAE04EC0-301F-11D3-BF4B-00C04F79EFBC}") = "PervasiveDigital.Utility.netmf44", "netmf44\PervasiveDigital.Utility\PervasiveDigital.Utility.netmf44.csproj", "{9FDDB085-8ABE-40B7-9718-2396F3101B50}"
EndProject
Project("{FAE04EC0-301F-11D3-BF4B-00C04F79EFBC}") = "PervasiveDigital.Net.netmf44", "netmf44\PervasiveDigital.Net\PervasiveDigital.Net.netmf44.csproj", "{D0CF87C0-73B7-4E66-AE4C-D8A27C206F89}"
EndProject
Project("{FAE04EC0-301F-11D3-BF4B-00C04F79EFBC}") = "PervasiveDigital.Hardware.ESP8266.netmf44", "netmf44\PervasiveDigital.Hardware.ESP8266\PervasiveDigital.Hardware.ESP8266.netmf44.csproj", "{12E19B00-49AB-49CC-AC36-A534D61D65F2}"
EndProject
Project("{FAE04EC0-301F-11D3-BF4B-00C04F79EFBC}") = "PervasiveDigital.Security.ManagedProviders.netmf44", "netmf44\PervasiveDigital.Security.ManagedProviders\PervasiveDigital.Security.ManagedProviders.netmf44.csproj", "{B1B0EDBE-2ED4-4FB7-8E43-047A32FD64CF}"
EndProject
Project("{FAE04EC0-301F-11D3-BF4B-00C04F79EFBC}") = "PervasiveDigital.Net.Azure.Storage.netmf44", "netmf44\PervasiveDigital.Net.Azure.Storage\PervasiveDigital.Net.Azure.Storage.netmf44.csproj", "{2A160B94-894D-4FB2-AC91-0A661B7487BA}"
EndProject
Project("{FAE04EC0-301F-11D3-BF4B-00C04F79EFBC}") = "PervasiveDigital.Net.Azure.MobileServices.netmf44", "netmf44\PervasiveDigital.Net.Azure.MobileServices\PervasiveDigital.Net.Azure.MobileServices.netmf44.csproj", "{6F714FA5-1DDC-473F-95CE-7DFB45E8E182}"
EndProject
Project("{2150E333-8FDC-42A3-9474-1A3956D46DE8}") = "Test", "Test", "{383A1129-B303-4F24-9A4D-EF8A90BAD4EE}"
EndProject
Project("{FAE04EC0-301F-11D3-BF4B-00C04F79EFBC}") = "SimpleHttpTest.netmf44", "SimpleHttpTest.netmf44\SimpleHttpTest.netmf44.csproj", "{DE47F8DA-B2B4-4229-98E6-310DCE46DD48}"
EndProject
Project("{FAE04EC0-301F-11D3-BF4B-00C04F79EFBC}") = "G120EcoWroomTest", "netmf43\Tests\G120EcoWroomTest\G120EcoWroomTest.csproj", "{18DEEAE9-5F2C-41F6-B603-503009E0AC45}"
EndProject
Project("{2150E333-8FDC-42A3-9474-1A3956D46DE8}") = "netmf42", "netmf42", "{F1DC9750-058B-4AEF-93B2-9FDCD70DE296}"
EndProject
Project("{FAE04EC0-301F-11D3-BF4B-00C04F79EFBC}") = "PervasiveDigital.Diagnostics.netmf42", "netmf42\PervasiveDigital.Diagnostics\PervasiveDigital.Diagnostics.netmf42.csproj", "{E35A6FFC-9E10-4E53-81D7-ED46CF5E940E}"
EndProject
Project("{FAE04EC0-301F-11D3-BF4B-00C04F79EFBC}") = "PervasiveDigital.Hardware.ESP8266.netmf42", "netmf42\PervasiveDigital.Hardware.ESP8266\PervasiveDigital.Hardware.ESP8266.netmf42.csproj", "{F9B519D3-BCC8-45DE-9B23-96744825A95E}"
EndProject
Project("{FAE04EC0-301F-11D3-BF4B-00C04F79EFBC}") = "PervasiveDigital.Net.netmf42", "netmf42\PervasiveDigital.Net\PervasiveDigital.Net.netmf42.csproj", "{D91F4C4F-F7CF-4F87-AE21-FE1870AF171F}"
EndProject
Project("{FAE04EC0-301F-11D3-BF4B-00C04F79EFBC}") = "PervasiveDigital.Net.Azure.MobileServices.netmf42", "netmf42\PervasiveDigital.Net.Azure.MobileServices\PervasiveDigital.Net.Azure.MobileServices.netmf42.csproj", "{6342F727-E264-4956-8709-D2FDFD8F7768}"
EndProject
Project("{FAE04EC0-301F-11D3-BF4B-00C04F79EFBC}") = "PervasiveDigital.Net.Azure.Storage.netmf42", "netmf42\PervasiveDigital.Net.Azure.Storage\PervasiveDigital.Net.Azure.Storage.netmf42.csproj", "{B2C92999-D0BF-42AA-8BFC-6D5E76B866B5}"
EndProject
Project("{FAE04EC0-301F-11D3-BF4B-00C04F79EFBC}") = "PervasiveDigital.Security.ManagedProviders.netmf42", "netmf42\PervasiveDigital.Security.ManagedProviders\PervasiveDigital.Security.ManagedProviders.netmf42.csproj", "{C2CD0D15-E648-4BFD-9744-CD6EB9AA9689}"
EndProject
Project("{FAE04EC0-301F-11D3-BF4B-00C04F79EFBC}") = "PervasiveDigital.Utility.netmf42", "netmf42\PervasiveDigital.Utility\PervasiveDigital.Utility.netmf42.csproj", "{1C6B0A9B-5C4E-4C17-95B9-238AF60C69D0}"
EndProject
Project("{2150E333-8FDC-42A3-9474-1A3956D46DE8}") = "Test", "Test", "{55C7F20B-BCA5-485C-9EFC-EE2AA01F3D05}"
EndProject
Project("{FAE04EC0-301F-11D3-BF4B-00C04F79EFBC}") = "AzureBlobTest.netmf42", "netmf42\Tests\AzureBlobTest\AzureBlobTest.netmf42.csproj", "{7E7FBA78-A662-4353-8A1D-BDB5137F224F}"
EndProject
Project("{FAE04EC0-301F-11D3-BF4B-00C04F79EFBC}") = "DiagnosticsTest.netmf42", "netmf42\Tests\DiagnosticsTest\DiagnosticsTest.netmf42.csproj", "{0E8A43E9-7571-4936-91BB-359C329B9C04}"
EndProject
Project("{FAE04EC0-301F-11D3-BF4B-00C04F79EFBC}") = "SimpleHttpTest.netmf42", "netmf42\Tests\SimpleHttpTest\SimpleHttpTest.netmf42.csproj", "{7A5D10B9-F146-446E-8456-13CAC0E67B2F}"
EndProject
Project("{FAE04EC0-301F-11D3-BF4B-00C04F79EFBC}") = "UpdateTest.netmf42", "netmf42\Tests\UpdateTest\UpdateTest.netmf42.csproj", "{92545CCF-E08E-4F7C-B77B-D5580CB77AD2}"
EndProject
Global
	GlobalSection(SharedMSBuildProjectFiles) = preSolution
		Common\PervasiveDigital.Utility.Shared\PervasiveDigital.Utility.Shared.projitems*{4b23ceb3-f360-40b1-a624-33f4bb11d1b8}*SharedItemsImports = 13
		Common\PervasiveDigital.Diagnostics.Shared\PervasiveDigital.Diagnostics.Shared.projitems*{e35a6ffc-9e10-4e53-81d7-ed46cf5e940e}*SharedItemsImports = 4
		Common\PervasiveDigital.Security.ManagedProviders.Shared\PervasiveDigital.Security.ManagedProviders.Shared.projitems*{b1b0edbe-2ed4-4fb7-8e43-047a32fd64cf}*SharedItemsImports = 4
		Common\PervasiveDigital.Net.Azure.Storage.Shared\PervasiveDigital.Net.Azure.Storage.Shared.projitems*{2a160b94-894d-4fb2-ac91-0a661b7487ba}*SharedItemsImports = 4
		Common\PervasiveDigital.Hardware.ESP8266.Shared\PervasiveDigital.Hardware.ESP8266.Shared.projitems*{6acf69a5-42f6-415d-a2e0-e50107f75d4c}*SharedItemsImports = 4
		Common\PervasiveDigital.Net.Shared\PervasiveDigital.Net.Shared.projitems*{d91f4c4f-f7cf-4f87-ae21-fe1870af171f}*SharedItemsImports = 4
		Common\PervasiveDigital.Hardware.ESP8266.Shared\PervasiveDigital.Hardware.ESP8266.Shared.projitems*{f9b519d3-bcc8-45de-9b23-96744825a95e}*SharedItemsImports = 4
		Common\PervasiveDigital.Security.ManagedProviders.Shared\PervasiveDigital.Security.ManagedProviders.Shared.projitems*{c2cd0d15-e648-4bfd-9744-cd6eb9aa9689}*SharedItemsImports = 4
		Common\PervasiveDigital.Net.Azure.Storage.Shared\PervasiveDigital.Net.Azure.Storage.Shared.projitems*{adfb7b3a-eba1-48cb-a896-a92af20389c0}*SharedItemsImports = 4
		Common\PervasiveDigital.Hardware.ESP8266.Shared\PervasiveDigital.Hardware.ESP8266.Shared.projitems*{12e19b00-49ab-49cc-ac36-a534d61d65f2}*SharedItemsImports = 4
		Common\PervasiveDigital.Net.Shared\PervasiveDigital.Net.Shared.projitems*{89957c1b-a0ef-487a-9c0b-2b33da57231e}*SharedItemsImports = 4
		Common\PervasiveDigital.Net.Shared\PervasiveDigital.Net.Shared.projitems*{fd548668-a4d8-4e9f-9fb0-505e66ca9a46}*SharedItemsImports = 13
		Common\PervasiveDigital.Net.Azure.Storage.Shared\PervasiveDigital.Net.Azure.Storage.Shared.projitems*{b2c92999-d0bf-42aa-8bfc-6d5e76b866b5}*SharedItemsImports = 4
		Common\PervasiveDigital.Net.Azure.MobileServices.Shared\PervasiveDigital.Net.Azure.MobileServices.Shared.projitems*{6f714fa5-1ddc-473f-95ce-7dfb45e8e182}*SharedItemsImports = 4
		Common\PervasiveDigital.Security.ManagedProviders.Shared\PervasiveDigital.Security.ManagedProviders.Shared.projitems*{a5289ec5-d381-4937-abc5-5e9f41f4fdcc}*SharedItemsImports = 4
		Common\PervasiveDigital.Diagnostics.Shared\PervasiveDigital.Diagnostics.Shared.projitems*{995e19dc-f7b9-4d81-ae6d-5b41415cfa5e}*SharedItemsImports = 4
		Common\PervasiveDigital.Utility.Shared\PervasiveDigital.Utility.Shared.projitems*{9fddb085-8abe-40b7-9718-2396f3101b50}*SharedItemsImports = 4
		Common\PervasiveDigital.Net.Azure.MobileServices.Shared\PervasiveDigital.Net.Azure.MobileServices.Shared.projitems*{c7ca334c-7db3-4b1e-83ee-864fe091195b}*SharedItemsImports = 4
		Common\PervasiveDigital.Net.Azure.Storage.Shared\PervasiveDigital.Net.Azure.Storage.Shared.projitems*{1acf7038-aa93-42c6-8bb7-f827268e59f6}*SharedItemsImports = 13
		Common\PervasiveDigital.Net.Azure.MobileServices.Shared\PervasiveDigital.Net.Azure.MobileServices.Shared.projitems*{6342f727-e264-4956-8709-d2fdfd8f7768}*SharedItemsImports = 4
		Common\PervasiveDigital.Hardware.ESP8266.Shared\PervasiveDigital.Hardware.ESP8266.Shared.projitems*{9385b516-1c5e-47c0-b6f5-dafe5bf44f3b}*SharedItemsImports = 13
		Common\PervasiveDigital.Security.ManagedProviders.Shared\PervasiveDigital.Security.ManagedProviders.Shared.projitems*{2a8e71e3-c27f-4e5d-b255-bdcdb1894492}*SharedItemsImports = 13
		Common\PervasiveDigital.Net.Azure.MobileServices.Shared\PervasiveDigital.Net.Azure.MobileServices.Shared.projitems*{90d329aa-f973-4076-ad44-33f6ce771994}*SharedItemsImports = 13
		Common\PervasiveDigital.Utility.Shared\PervasiveDigital.Utility.Shared.projitems*{c8bd7c9d-9ece-4e98-a2c3-0b0576538ff6}*SharedItemsImports = 4
		Common\PervasiveDigital.Utility.Shared\PervasiveDigital.Utility.Shared.projitems*{1c6b0a9b-5c4e-4c17-95b9-238af60c69d0}*SharedItemsImports = 4
		Common\PervasiveDigital.Diagnostics.Shared\PervasiveDigital.Diagnostics.Shared.projitems*{37583001-3e11-4fd1-84a5-6438fef03436}*SharedItemsImports = 13
		Common\PervasiveDigital.Diagnostics.Shared\PervasiveDigital.Diagnostics.Shared.projitems*{95fca797-76bc-4a56-b913-92ef6b22c6e8}*SharedItemsImports = 4
		Common\PervasiveDigital.Net.Shared\PervasiveDigital.Net.Shared.projitems*{d0cf87c0-73b7-4e66-ae4c-d8a27c206f89}*SharedItemsImports = 4
	EndGlobalSection
	GlobalSection(SolutionConfigurationPlatforms) = preSolution
		Debug|Any CPU = Debug|Any CPU
		Debug|x64 = Debug|x64
		Debug|x86 = Debug|x86
		Release|Any CPU = Release|Any CPU
		Release|x64 = Release|x64
		Release|x86 = Release|x86
	EndGlobalSection
	GlobalSection(ProjectConfigurationPlatforms) = postSolution
		{95FCA797-76BC-4A56-B913-92EF6B22C6E8}.Debug|Any CPU.ActiveCfg = Debug|Any CPU
		{95FCA797-76BC-4A56-B913-92EF6B22C6E8}.Debug|Any CPU.Build.0 = Debug|Any CPU
		{95FCA797-76BC-4A56-B913-92EF6B22C6E8}.Debug|x64.ActiveCfg = Debug|Any CPU
		{95FCA797-76BC-4A56-B913-92EF6B22C6E8}.Debug|x64.Build.0 = Debug|Any CPU
		{95FCA797-76BC-4A56-B913-92EF6B22C6E8}.Debug|x86.ActiveCfg = Debug|Any CPU
		{95FCA797-76BC-4A56-B913-92EF6B22C6E8}.Debug|x86.Build.0 = Debug|Any CPU
		{95FCA797-76BC-4A56-B913-92EF6B22C6E8}.Release|Any CPU.ActiveCfg = Release|Any CPU
		{95FCA797-76BC-4A56-B913-92EF6B22C6E8}.Release|Any CPU.Build.0 = Release|Any CPU
		{95FCA797-76BC-4A56-B913-92EF6B22C6E8}.Release|x64.ActiveCfg = Release|Any CPU
		{95FCA797-76BC-4A56-B913-92EF6B22C6E8}.Release|x64.Build.0 = Release|Any CPU
		{95FCA797-76BC-4A56-B913-92EF6B22C6E8}.Release|x86.ActiveCfg = Release|Any CPU
		{95FCA797-76BC-4A56-B913-92EF6B22C6E8}.Release|x86.Build.0 = Release|Any CPU
		{6ACF69A5-42F6-415D-A2E0-E50107F75D4C}.Debug|Any CPU.ActiveCfg = Debug|Any CPU
		{6ACF69A5-42F6-415D-A2E0-E50107F75D4C}.Debug|Any CPU.Build.0 = Debug|Any CPU
		{6ACF69A5-42F6-415D-A2E0-E50107F75D4C}.Debug|x64.ActiveCfg = Debug|Any CPU
		{6ACF69A5-42F6-415D-A2E0-E50107F75D4C}.Debug|x64.Build.0 = Debug|Any CPU
		{6ACF69A5-42F6-415D-A2E0-E50107F75D4C}.Debug|x86.ActiveCfg = Debug|Any CPU
		{6ACF69A5-42F6-415D-A2E0-E50107F75D4C}.Debug|x86.Build.0 = Debug|Any CPU
		{6ACF69A5-42F6-415D-A2E0-E50107F75D4C}.Release|Any CPU.ActiveCfg = Release|Any CPU
		{6ACF69A5-42F6-415D-A2E0-E50107F75D4C}.Release|Any CPU.Build.0 = Release|Any CPU
		{6ACF69A5-42F6-415D-A2E0-E50107F75D4C}.Release|x64.ActiveCfg = Release|Any CPU
		{6ACF69A5-42F6-415D-A2E0-E50107F75D4C}.Release|x64.Build.0 = Release|Any CPU
		{6ACF69A5-42F6-415D-A2E0-E50107F75D4C}.Release|x86.ActiveCfg = Release|Any CPU
		{6ACF69A5-42F6-415D-A2E0-E50107F75D4C}.Release|x86.Build.0 = Release|Any CPU
		{89957C1B-A0EF-487A-9C0B-2B33DA57231E}.Debug|Any CPU.ActiveCfg = Debug|Any CPU
		{89957C1B-A0EF-487A-9C0B-2B33DA57231E}.Debug|Any CPU.Build.0 = Debug|Any CPU
		{89957C1B-A0EF-487A-9C0B-2B33DA57231E}.Debug|x64.ActiveCfg = Debug|Any CPU
		{89957C1B-A0EF-487A-9C0B-2B33DA57231E}.Debug|x64.Build.0 = Debug|Any CPU
		{89957C1B-A0EF-487A-9C0B-2B33DA57231E}.Debug|x86.ActiveCfg = Debug|Any CPU
		{89957C1B-A0EF-487A-9C0B-2B33DA57231E}.Debug|x86.Build.0 = Debug|Any CPU
		{89957C1B-A0EF-487A-9C0B-2B33DA57231E}.Release|Any CPU.ActiveCfg = Release|Any CPU
		{89957C1B-A0EF-487A-9C0B-2B33DA57231E}.Release|Any CPU.Build.0 = Release|Any CPU
		{89957C1B-A0EF-487A-9C0B-2B33DA57231E}.Release|x64.ActiveCfg = Release|Any CPU
		{89957C1B-A0EF-487A-9C0B-2B33DA57231E}.Release|x64.Build.0 = Release|Any CPU
		{89957C1B-A0EF-487A-9C0B-2B33DA57231E}.Release|x86.ActiveCfg = Release|Any CPU
		{89957C1B-A0EF-487A-9C0B-2B33DA57231E}.Release|x86.Build.0 = Release|Any CPU
		{C7CA334C-7DB3-4B1E-83EE-864FE091195B}.Debug|Any CPU.ActiveCfg = Debug|Any CPU
		{C7CA334C-7DB3-4B1E-83EE-864FE091195B}.Debug|Any CPU.Build.0 = Debug|Any CPU
		{C7CA334C-7DB3-4B1E-83EE-864FE091195B}.Debug|x64.ActiveCfg = Debug|Any CPU
		{C7CA334C-7DB3-4B1E-83EE-864FE091195B}.Debug|x64.Build.0 = Debug|Any CPU
		{C7CA334C-7DB3-4B1E-83EE-864FE091195B}.Debug|x86.ActiveCfg = Debug|Any CPU
		{C7CA334C-7DB3-4B1E-83EE-864FE091195B}.Debug|x86.Build.0 = Debug|Any CPU
		{C7CA334C-7DB3-4B1E-83EE-864FE091195B}.Release|Any CPU.ActiveCfg = Release|Any CPU
		{C7CA334C-7DB3-4B1E-83EE-864FE091195B}.Release|Any CPU.Build.0 = Release|Any CPU
		{C7CA334C-7DB3-4B1E-83EE-864FE091195B}.Release|x64.ActiveCfg = Release|Any CPU
		{C7CA334C-7DB3-4B1E-83EE-864FE091195B}.Release|x64.Build.0 = Release|Any CPU
		{C7CA334C-7DB3-4B1E-83EE-864FE091195B}.Release|x86.ActiveCfg = Release|Any CPU
		{C7CA334C-7DB3-4B1E-83EE-864FE091195B}.Release|x86.Build.0 = Release|Any CPU
		{ADFB7B3A-EBA1-48CB-A896-A92AF20389C0}.Debug|Any CPU.ActiveCfg = Debug|Any CPU
		{ADFB7B3A-EBA1-48CB-A896-A92AF20389C0}.Debug|Any CPU.Build.0 = Debug|Any CPU
		{ADFB7B3A-EBA1-48CB-A896-A92AF20389C0}.Debug|x64.ActiveCfg = Debug|Any CPU
		{ADFB7B3A-EBA1-48CB-A896-A92AF20389C0}.Debug|x64.Build.0 = Debug|Any CPU
		{ADFB7B3A-EBA1-48CB-A896-A92AF20389C0}.Debug|x86.ActiveCfg = Debug|Any CPU
		{ADFB7B3A-EBA1-48CB-A896-A92AF20389C0}.Debug|x86.Build.0 = Debug|Any CPU
		{ADFB7B3A-EBA1-48CB-A896-A92AF20389C0}.Release|Any CPU.ActiveCfg = Release|Any CPU
		{ADFB7B3A-EBA1-48CB-A896-A92AF20389C0}.Release|Any CPU.Build.0 = Release|Any CPU
		{ADFB7B3A-EBA1-48CB-A896-A92AF20389C0}.Release|x64.ActiveCfg = Release|Any CPU
		{ADFB7B3A-EBA1-48CB-A896-A92AF20389C0}.Release|x64.Build.0 = Release|Any CPU
		{ADFB7B3A-EBA1-48CB-A896-A92AF20389C0}.Release|x86.ActiveCfg = Release|Any CPU
		{ADFB7B3A-EBA1-48CB-A896-A92AF20389C0}.Release|x86.Build.0 = Release|Any CPU
		{A5289EC5-D381-4937-ABC5-5E9F41F4FDCC}.Debug|Any CPU.ActiveCfg = Debug|Any CPU
		{A5289EC5-D381-4937-ABC5-5E9F41F4FDCC}.Debug|Any CPU.Build.0 = Debug|Any CPU
		{A5289EC5-D381-4937-ABC5-5E9F41F4FDCC}.Debug|x64.ActiveCfg = Debug|Any CPU
		{A5289EC5-D381-4937-ABC5-5E9F41F4FDCC}.Debug|x64.Build.0 = Debug|Any CPU
		{A5289EC5-D381-4937-ABC5-5E9F41F4FDCC}.Debug|x86.ActiveCfg = Debug|Any CPU
		{A5289EC5-D381-4937-ABC5-5E9F41F4FDCC}.Debug|x86.Build.0 = Debug|Any CPU
		{A5289EC5-D381-4937-ABC5-5E9F41F4FDCC}.Release|Any CPU.ActiveCfg = Release|Any CPU
		{A5289EC5-D381-4937-ABC5-5E9F41F4FDCC}.Release|Any CPU.Build.0 = Release|Any CPU
		{A5289EC5-D381-4937-ABC5-5E9F41F4FDCC}.Release|x64.ActiveCfg = Release|Any CPU
		{A5289EC5-D381-4937-ABC5-5E9F41F4FDCC}.Release|x64.Build.0 = Release|Any CPU
		{A5289EC5-D381-4937-ABC5-5E9F41F4FDCC}.Release|x86.ActiveCfg = Release|Any CPU
		{A5289EC5-D381-4937-ABC5-5E9F41F4FDCC}.Release|x86.Build.0 = Release|Any CPU
		{C8BD7C9D-9ECE-4E98-A2C3-0B0576538FF6}.Debug|Any CPU.ActiveCfg = Debug|Any CPU
		{C8BD7C9D-9ECE-4E98-A2C3-0B0576538FF6}.Debug|Any CPU.Build.0 = Debug|Any CPU
		{C8BD7C9D-9ECE-4E98-A2C3-0B0576538FF6}.Debug|x64.ActiveCfg = Debug|Any CPU
		{C8BD7C9D-9ECE-4E98-A2C3-0B0576538FF6}.Debug|x64.Build.0 = Debug|Any CPU
		{C8BD7C9D-9ECE-4E98-A2C3-0B0576538FF6}.Debug|x86.ActiveCfg = Debug|Any CPU
		{C8BD7C9D-9ECE-4E98-A2C3-0B0576538FF6}.Debug|x86.Build.0 = Debug|Any CPU
		{C8BD7C9D-9ECE-4E98-A2C3-0B0576538FF6}.Release|Any CPU.ActiveCfg = Release|Any CPU
		{C8BD7C9D-9ECE-4E98-A2C3-0B0576538FF6}.Release|Any CPU.Build.0 = Release|Any CPU
		{C8BD7C9D-9ECE-4E98-A2C3-0B0576538FF6}.Release|x64.ActiveCfg = Release|Any CPU
		{C8BD7C9D-9ECE-4E98-A2C3-0B0576538FF6}.Release|x64.Build.0 = Release|Any CPU
		{C8BD7C9D-9ECE-4E98-A2C3-0B0576538FF6}.Release|x86.ActiveCfg = Release|Any CPU
		{C8BD7C9D-9ECE-4E98-A2C3-0B0576538FF6}.Release|x86.Build.0 = Release|Any CPU
		{D8D48FE3-F89D-4CFD-99C6-AD17123ACC6A}.Debug|Any CPU.ActiveCfg = Debug|Any CPU
		{D8D48FE3-F89D-4CFD-99C6-AD17123ACC6A}.Debug|Any CPU.Build.0 = Debug|Any CPU
		{D8D48FE3-F89D-4CFD-99C6-AD17123ACC6A}.Debug|Any CPU.Deploy.0 = Debug|Any CPU
		{D8D48FE3-F89D-4CFD-99C6-AD17123ACC6A}.Debug|x64.ActiveCfg = Debug|Any CPU
		{D8D48FE3-F89D-4CFD-99C6-AD17123ACC6A}.Debug|x64.Build.0 = Debug|Any CPU
		{D8D48FE3-F89D-4CFD-99C6-AD17123ACC6A}.Debug|x64.Deploy.0 = Debug|Any CPU
		{D8D48FE3-F89D-4CFD-99C6-AD17123ACC6A}.Debug|x86.ActiveCfg = Debug|Any CPU
		{D8D48FE3-F89D-4CFD-99C6-AD17123ACC6A}.Debug|x86.Build.0 = Debug|Any CPU
		{D8D48FE3-F89D-4CFD-99C6-AD17123ACC6A}.Debug|x86.Deploy.0 = Debug|Any CPU
		{D8D48FE3-F89D-4CFD-99C6-AD17123ACC6A}.Release|Any CPU.ActiveCfg = Release|Any CPU
		{D8D48FE3-F89D-4CFD-99C6-AD17123ACC6A}.Release|Any CPU.Build.0 = Release|Any CPU
		{D8D48FE3-F89D-4CFD-99C6-AD17123ACC6A}.Release|Any CPU.Deploy.0 = Release|Any CPU
		{D8D48FE3-F89D-4CFD-99C6-AD17123ACC6A}.Release|x64.ActiveCfg = Release|Any CPU
		{D8D48FE3-F89D-4CFD-99C6-AD17123ACC6A}.Release|x64.Build.0 = Release|Any CPU
		{D8D48FE3-F89D-4CFD-99C6-AD17123ACC6A}.Release|x64.Deploy.0 = Release|Any CPU
		{D8D48FE3-F89D-4CFD-99C6-AD17123ACC6A}.Release|x86.ActiveCfg = Release|Any CPU
		{D8D48FE3-F89D-4CFD-99C6-AD17123ACC6A}.Release|x86.Build.0 = Release|Any CPU
		{D8D48FE3-F89D-4CFD-99C6-AD17123ACC6A}.Release|x86.Deploy.0 = Release|Any CPU
		{BAFC389E-3509-409E-9160-714B385F33E7}.Debug|Any CPU.ActiveCfg = Debug|Any CPU
		{BAFC389E-3509-409E-9160-714B385F33E7}.Debug|Any CPU.Build.0 = Debug|Any CPU
		{BAFC389E-3509-409E-9160-714B385F33E7}.Debug|Any CPU.Deploy.0 = Debug|Any CPU
		{BAFC389E-3509-409E-9160-714B385F33E7}.Debug|x64.ActiveCfg = Debug|Any CPU
		{BAFC389E-3509-409E-9160-714B385F33E7}.Debug|x64.Build.0 = Debug|Any CPU
		{BAFC389E-3509-409E-9160-714B385F33E7}.Debug|x64.Deploy.0 = Debug|Any CPU
		{BAFC389E-3509-409E-9160-714B385F33E7}.Debug|x86.ActiveCfg = Debug|Any CPU
		{BAFC389E-3509-409E-9160-714B385F33E7}.Debug|x86.Build.0 = Debug|Any CPU
		{BAFC389E-3509-409E-9160-714B385F33E7}.Debug|x86.Deploy.0 = Debug|Any CPU
		{BAFC389E-3509-409E-9160-714B385F33E7}.Release|Any CPU.ActiveCfg = Release|Any CPU
		{BAFC389E-3509-409E-9160-714B385F33E7}.Release|Any CPU.Build.0 = Release|Any CPU
		{BAFC389E-3509-409E-9160-714B385F33E7}.Release|Any CPU.Deploy.0 = Release|Any CPU
		{BAFC389E-3509-409E-9160-714B385F33E7}.Release|x64.ActiveCfg = Release|Any CPU
		{BAFC389E-3509-409E-9160-714B385F33E7}.Release|x64.Build.0 = Release|Any CPU
		{BAFC389E-3509-409E-9160-714B385F33E7}.Release|x64.Deploy.0 = Release|Any CPU
		{BAFC389E-3509-409E-9160-714B385F33E7}.Release|x86.ActiveCfg = Release|Any CPU
		{BAFC389E-3509-409E-9160-714B385F33E7}.Release|x86.Build.0 = Release|Any CPU
		{BAFC389E-3509-409E-9160-714B385F33E7}.Release|x86.Deploy.0 = Release|Any CPU
		{D493C577-68A9-4B47-9F90-37F54421A63A}.Debug|Any CPU.ActiveCfg = Debug|Any CPU
		{D493C577-68A9-4B47-9F90-37F54421A63A}.Debug|Any CPU.Build.0 = Debug|Any CPU
		{D493C577-68A9-4B47-9F90-37F54421A63A}.Debug|Any CPU.Deploy.0 = Debug|Any CPU
		{D493C577-68A9-4B47-9F90-37F54421A63A}.Debug|x64.ActiveCfg = Debug|Any CPU
		{D493C577-68A9-4B47-9F90-37F54421A63A}.Debug|x64.Build.0 = Debug|Any CPU
		{D493C577-68A9-4B47-9F90-37F54421A63A}.Debug|x64.Deploy.0 = Debug|Any CPU
		{D493C577-68A9-4B47-9F90-37F54421A63A}.Debug|x86.ActiveCfg = Debug|Any CPU
		{D493C577-68A9-4B47-9F90-37F54421A63A}.Debug|x86.Build.0 = Debug|Any CPU
		{D493C577-68A9-4B47-9F90-37F54421A63A}.Debug|x86.Deploy.0 = Debug|Any CPU
		{D493C577-68A9-4B47-9F90-37F54421A63A}.Release|Any CPU.ActiveCfg = Release|Any CPU
		{D493C577-68A9-4B47-9F90-37F54421A63A}.Release|Any CPU.Build.0 = Release|Any CPU
		{D493C577-68A9-4B47-9F90-37F54421A63A}.Release|Any CPU.Deploy.0 = Release|Any CPU
		{D493C577-68A9-4B47-9F90-37F54421A63A}.Release|x64.ActiveCfg = Release|Any CPU
		{D493C577-68A9-4B47-9F90-37F54421A63A}.Release|x64.Build.0 = Release|Any CPU
		{D493C577-68A9-4B47-9F90-37F54421A63A}.Release|x64.Deploy.0 = Release|Any CPU
		{D493C577-68A9-4B47-9F90-37F54421A63A}.Release|x86.ActiveCfg = Release|Any CPU
		{D493C577-68A9-4B47-9F90-37F54421A63A}.Release|x86.Build.0 = Release|Any CPU
		{D493C577-68A9-4B47-9F90-37F54421A63A}.Release|x86.Deploy.0 = Release|Any CPU
		{12FB8898-8DB0-4570-8454-CAF33D0A2C31}.Debug|Any CPU.ActiveCfg = Debug|Any CPU
		{12FB8898-8DB0-4570-8454-CAF33D0A2C31}.Debug|Any CPU.Build.0 = Debug|Any CPU
		{12FB8898-8DB0-4570-8454-CAF33D0A2C31}.Debug|Any CPU.Deploy.0 = Debug|Any CPU
		{12FB8898-8DB0-4570-8454-CAF33D0A2C31}.Debug|x64.ActiveCfg = Debug|Any CPU
		{12FB8898-8DB0-4570-8454-CAF33D0A2C31}.Debug|x64.Build.0 = Debug|Any CPU
		{12FB8898-8DB0-4570-8454-CAF33D0A2C31}.Debug|x64.Deploy.0 = Debug|Any CPU
		{12FB8898-8DB0-4570-8454-CAF33D0A2C31}.Debug|x86.ActiveCfg = Debug|Any CPU
		{12FB8898-8DB0-4570-8454-CAF33D0A2C31}.Debug|x86.Build.0 = Debug|Any CPU
		{12FB8898-8DB0-4570-8454-CAF33D0A2C31}.Debug|x86.Deploy.0 = Debug|Any CPU
		{12FB8898-8DB0-4570-8454-CAF33D0A2C31}.Release|Any CPU.ActiveCfg = Release|Any CPU
		{12FB8898-8DB0-4570-8454-CAF33D0A2C31}.Release|Any CPU.Build.0 = Release|Any CPU
		{12FB8898-8DB0-4570-8454-CAF33D0A2C31}.Release|Any CPU.Deploy.0 = Release|Any CPU
		{12FB8898-8DB0-4570-8454-CAF33D0A2C31}.Release|x64.ActiveCfg = Release|Any CPU
		{12FB8898-8DB0-4570-8454-CAF33D0A2C31}.Release|x64.Build.0 = Release|Any CPU
		{12FB8898-8DB0-4570-8454-CAF33D0A2C31}.Release|x64.Deploy.0 = Release|Any CPU
		{12FB8898-8DB0-4570-8454-CAF33D0A2C31}.Release|x86.ActiveCfg = Release|Any CPU
		{12FB8898-8DB0-4570-8454-CAF33D0A2C31}.Release|x86.Build.0 = Release|Any CPU
		{12FB8898-8DB0-4570-8454-CAF33D0A2C31}.Release|x86.Deploy.0 = Release|Any CPU
		{E4593F41-2C52-449D-BA30-762F067FEFD3}.Debug|Any CPU.ActiveCfg = Debug|Any CPU
		{E4593F41-2C52-449D-BA30-762F067FEFD3}.Debug|Any CPU.Build.0 = Debug|Any CPU
		{E4593F41-2C52-449D-BA30-762F067FEFD3}.Debug|x64.ActiveCfg = Debug|Any CPU
		{E4593F41-2C52-449D-BA30-762F067FEFD3}.Debug|x64.Build.0 = Debug|Any CPU
		{E4593F41-2C52-449D-BA30-762F067FEFD3}.Debug|x86.ActiveCfg = Debug|Any CPU
		{E4593F41-2C52-449D-BA30-762F067FEFD3}.Debug|x86.Build.0 = Debug|Any CPU
		{E4593F41-2C52-449D-BA30-762F067FEFD3}.Release|Any CPU.ActiveCfg = Release|Any CPU
		{E4593F41-2C52-449D-BA30-762F067FEFD3}.Release|Any CPU.Build.0 = Release|Any CPU
		{E4593F41-2C52-449D-BA30-762F067FEFD3}.Release|x64.ActiveCfg = Release|Any CPU
		{E4593F41-2C52-449D-BA30-762F067FEFD3}.Release|x64.Build.0 = Release|Any CPU
		{E4593F41-2C52-449D-BA30-762F067FEFD3}.Release|x86.ActiveCfg = Release|Any CPU
		{E4593F41-2C52-449D-BA30-762F067FEFD3}.Release|x86.Build.0 = Release|Any CPU
		{995E19DC-F7B9-4D81-AE6D-5B41415CFA5E}.Debug|Any CPU.ActiveCfg = Debug|Any CPU
		{995E19DC-F7B9-4D81-AE6D-5B41415CFA5E}.Debug|Any CPU.Build.0 = Debug|Any CPU
		{995E19DC-F7B9-4D81-AE6D-5B41415CFA5E}.Debug|x64.ActiveCfg = Debug|Any CPU
		{995E19DC-F7B9-4D81-AE6D-5B41415CFA5E}.Debug|x64.Build.0 = Debug|Any CPU
		{995E19DC-F7B9-4D81-AE6D-5B41415CFA5E}.Debug|x86.ActiveCfg = Debug|Any CPU
		{995E19DC-F7B9-4D81-AE6D-5B41415CFA5E}.Debug|x86.Build.0 = Debug|Any CPU
		{995E19DC-F7B9-4D81-AE6D-5B41415CFA5E}.Release|Any CPU.ActiveCfg = Release|Any CPU
		{995E19DC-F7B9-4D81-AE6D-5B41415CFA5E}.Release|Any CPU.Build.0 = Release|Any CPU
		{995E19DC-F7B9-4D81-AE6D-5B41415CFA5E}.Release|x64.ActiveCfg = Release|Any CPU
		{995E19DC-F7B9-4D81-AE6D-5B41415CFA5E}.Release|x64.Build.0 = Release|Any CPU
		{995E19DC-F7B9-4D81-AE6D-5B41415CFA5E}.Release|x86.ActiveCfg = Release|Any CPU
		{995E19DC-F7B9-4D81-AE6D-5B41415CFA5E}.Release|x86.Build.0 = Release|Any CPU
		{9FDDB085-8ABE-40B7-9718-2396F3101B50}.Debug|Any CPU.ActiveCfg = Debug|Any CPU
		{9FDDB085-8ABE-40B7-9718-2396F3101B50}.Debug|Any CPU.Build.0 = Debug|Any CPU
		{9FDDB085-8ABE-40B7-9718-2396F3101B50}.Debug|x64.ActiveCfg = Debug|Any CPU
		{9FDDB085-8ABE-40B7-9718-2396F3101B50}.Debug|x64.Build.0 = Debug|Any CPU
		{9FDDB085-8ABE-40B7-9718-2396F3101B50}.Debug|x86.ActiveCfg = Debug|Any CPU
		{9FDDB085-8ABE-40B7-9718-2396F3101B50}.Debug|x86.Build.0 = Debug|Any CPU
		{9FDDB085-8ABE-40B7-9718-2396F3101B50}.Release|Any CPU.ActiveCfg = Release|Any CPU
		{9FDDB085-8ABE-40B7-9718-2396F3101B50}.Release|Any CPU.Build.0 = Release|Any CPU
		{9FDDB085-8ABE-40B7-9718-2396F3101B50}.Release|x64.ActiveCfg = Release|Any CPU
		{9FDDB085-8ABE-40B7-9718-2396F3101B50}.Release|x64.Build.0 = Release|Any CPU
		{9FDDB085-8ABE-40B7-9718-2396F3101B50}.Release|x86.ActiveCfg = Release|Any CPU
		{9FDDB085-8ABE-40B7-9718-2396F3101B50}.Release|x86.Build.0 = Release|Any CPU
		{D0CF87C0-73B7-4E66-AE4C-D8A27C206F89}.Debug|Any CPU.ActiveCfg = Debug|Any CPU
		{D0CF87C0-73B7-4E66-AE4C-D8A27C206F89}.Debug|Any CPU.Build.0 = Debug|Any CPU
		{D0CF87C0-73B7-4E66-AE4C-D8A27C206F89}.Debug|x64.ActiveCfg = Debug|Any CPU
		{D0CF87C0-73B7-4E66-AE4C-D8A27C206F89}.Debug|x64.Build.0 = Debug|Any CPU
		{D0CF87C0-73B7-4E66-AE4C-D8A27C206F89}.Debug|x86.ActiveCfg = Debug|Any CPU
		{D0CF87C0-73B7-4E66-AE4C-D8A27C206F89}.Debug|x86.Build.0 = Debug|Any CPU
		{D0CF87C0-73B7-4E66-AE4C-D8A27C206F89}.Release|Any CPU.ActiveCfg = Release|Any CPU
		{D0CF87C0-73B7-4E66-AE4C-D8A27C206F89}.Release|Any CPU.Build.0 = Release|Any CPU
		{D0CF87C0-73B7-4E66-AE4C-D8A27C206F89}.Release|x64.ActiveCfg = Release|Any CPU
		{D0CF87C0-73B7-4E66-AE4C-D8A27C206F89}.Release|x64.Build.0 = Release|Any CPU
		{D0CF87C0-73B7-4E66-AE4C-D8A27C206F89}.Release|x86.ActiveCfg = Release|Any CPU
		{D0CF87C0-73B7-4E66-AE4C-D8A27C206F89}.Release|x86.Build.0 = Release|Any CPU
		{12E19B00-49AB-49CC-AC36-A534D61D65F2}.Debug|Any CPU.ActiveCfg = Debug|Any CPU
		{12E19B00-49AB-49CC-AC36-A534D61D65F2}.Debug|Any CPU.Build.0 = Debug|Any CPU
		{12E19B00-49AB-49CC-AC36-A534D61D65F2}.Debug|x64.ActiveCfg = Debug|Any CPU
		{12E19B00-49AB-49CC-AC36-A534D61D65F2}.Debug|x64.Build.0 = Debug|Any CPU
		{12E19B00-49AB-49CC-AC36-A534D61D65F2}.Debug|x86.ActiveCfg = Debug|Any CPU
		{12E19B00-49AB-49CC-AC36-A534D61D65F2}.Debug|x86.Build.0 = Debug|Any CPU
		{12E19B00-49AB-49CC-AC36-A534D61D65F2}.Release|Any CPU.ActiveCfg = Release|Any CPU
		{12E19B00-49AB-49CC-AC36-A534D61D65F2}.Release|Any CPU.Build.0 = Release|Any CPU
		{12E19B00-49AB-49CC-AC36-A534D61D65F2}.Release|x64.ActiveCfg = Release|Any CPU
		{12E19B00-49AB-49CC-AC36-A534D61D65F2}.Release|x64.Build.0 = Release|Any CPU
		{12E19B00-49AB-49CC-AC36-A534D61D65F2}.Release|x86.ActiveCfg = Release|Any CPU
		{12E19B00-49AB-49CC-AC36-A534D61D65F2}.Release|x86.Build.0 = Release|Any CPU
		{B1B0EDBE-2ED4-4FB7-8E43-047A32FD64CF}.Debug|Any CPU.ActiveCfg = Debug|Any CPU
		{B1B0EDBE-2ED4-4FB7-8E43-047A32FD64CF}.Debug|Any CPU.Build.0 = Debug|Any CPU
		{B1B0EDBE-2ED4-4FB7-8E43-047A32FD64CF}.Debug|x64.ActiveCfg = Debug|Any CPU
		{B1B0EDBE-2ED4-4FB7-8E43-047A32FD64CF}.Debug|x64.Build.0 = Debug|Any CPU
		{B1B0EDBE-2ED4-4FB7-8E43-047A32FD64CF}.Debug|x86.ActiveCfg = Debug|Any CPU
		{B1B0EDBE-2ED4-4FB7-8E43-047A32FD64CF}.Debug|x86.Build.0 = Debug|Any CPU
		{B1B0EDBE-2ED4-4FB7-8E43-047A32FD64CF}.Release|Any CPU.ActiveCfg = Release|Any CPU
		{B1B0EDBE-2ED4-4FB7-8E43-047A32FD64CF}.Release|Any CPU.Build.0 = Release|Any CPU
		{B1B0EDBE-2ED4-4FB7-8E43-047A32FD64CF}.Release|x64.ActiveCfg = Release|Any CPU
		{B1B0EDBE-2ED4-4FB7-8E43-047A32FD64CF}.Release|x64.Build.0 = Release|Any CPU
		{B1B0EDBE-2ED4-4FB7-8E43-047A32FD64CF}.Release|x86.ActiveCfg = Release|Any CPU
		{B1B0EDBE-2ED4-4FB7-8E43-047A32FD64CF}.Release|x86.Build.0 = Release|Any CPU
		{2A160B94-894D-4FB2-AC91-0A661B7487BA}.Debug|Any CPU.ActiveCfg = Debug|Any CPU
		{2A160B94-894D-4FB2-AC91-0A661B7487BA}.Debug|Any CPU.Build.0 = Debug|Any CPU
		{2A160B94-894D-4FB2-AC91-0A661B7487BA}.Debug|x64.ActiveCfg = Debug|Any CPU
		{2A160B94-894D-4FB2-AC91-0A661B7487BA}.Debug|x64.Build.0 = Debug|Any CPU
		{2A160B94-894D-4FB2-AC91-0A661B7487BA}.Debug|x86.ActiveCfg = Debug|Any CPU
		{2A160B94-894D-4FB2-AC91-0A661B7487BA}.Debug|x86.Build.0 = Debug|Any CPU
		{2A160B94-894D-4FB2-AC91-0A661B7487BA}.Release|Any CPU.ActiveCfg = Release|Any CPU
		{2A160B94-894D-4FB2-AC91-0A661B7487BA}.Release|Any CPU.Build.0 = Release|Any CPU
		{2A160B94-894D-4FB2-AC91-0A661B7487BA}.Release|x64.ActiveCfg = Release|Any CPU
		{2A160B94-894D-4FB2-AC91-0A661B7487BA}.Release|x64.Build.0 = Release|Any CPU
		{2A160B94-894D-4FB2-AC91-0A661B7487BA}.Release|x86.ActiveCfg = Release|Any CPU
		{2A160B94-894D-4FB2-AC91-0A661B7487BA}.Release|x86.Build.0 = Release|Any CPU
		{6F714FA5-1DDC-473F-95CE-7DFB45E8E182}.Debug|Any CPU.ActiveCfg = Debug|Any CPU
		{6F714FA5-1DDC-473F-95CE-7DFB45E8E182}.Debug|Any CPU.Build.0 = Debug|Any CPU
		{6F714FA5-1DDC-473F-95CE-7DFB45E8E182}.Debug|x64.ActiveCfg = Debug|Any CPU
		{6F714FA5-1DDC-473F-95CE-7DFB45E8E182}.Debug|x64.Build.0 = Debug|Any CPU
		{6F714FA5-1DDC-473F-95CE-7DFB45E8E182}.Debug|x86.ActiveCfg = Debug|Any CPU
		{6F714FA5-1DDC-473F-95CE-7DFB45E8E182}.Debug|x86.Build.0 = Debug|Any CPU
		{6F714FA5-1DDC-473F-95CE-7DFB45E8E182}.Release|Any CPU.ActiveCfg = Release|Any CPU
		{6F714FA5-1DDC-473F-95CE-7DFB45E8E182}.Release|Any CPU.Build.0 = Release|Any CPU
		{6F714FA5-1DDC-473F-95CE-7DFB45E8E182}.Release|x64.ActiveCfg = Release|Any CPU
		{6F714FA5-1DDC-473F-95CE-7DFB45E8E182}.Release|x64.Build.0 = Release|Any CPU
		{6F714FA5-1DDC-473F-95CE-7DFB45E8E182}.Release|x86.ActiveCfg = Release|Any CPU
		{6F714FA5-1DDC-473F-95CE-7DFB45E8E182}.Release|x86.Build.0 = Release|Any CPU
		{DE47F8DA-B2B4-4229-98E6-310DCE46DD48}.Debug|Any CPU.ActiveCfg = Debug|Any CPU
		{DE47F8DA-B2B4-4229-98E6-310DCE46DD48}.Debug|Any CPU.Build.0 = Debug|Any CPU
		{DE47F8DA-B2B4-4229-98E6-310DCE46DD48}.Debug|Any CPU.Deploy.0 = Debug|Any CPU
		{DE47F8DA-B2B4-4229-98E6-310DCE46DD48}.Debug|x64.ActiveCfg = Debug|Any CPU
		{DE47F8DA-B2B4-4229-98E6-310DCE46DD48}.Debug|x64.Build.0 = Debug|Any CPU
		{DE47F8DA-B2B4-4229-98E6-310DCE46DD48}.Debug|x64.Deploy.0 = Debug|Any CPU
		{DE47F8DA-B2B4-4229-98E6-310DCE46DD48}.Debug|x86.ActiveCfg = Debug|Any CPU
		{DE47F8DA-B2B4-4229-98E6-310DCE46DD48}.Debug|x86.Build.0 = Debug|Any CPU
		{DE47F8DA-B2B4-4229-98E6-310DCE46DD48}.Debug|x86.Deploy.0 = Debug|Any CPU
		{DE47F8DA-B2B4-4229-98E6-310DCE46DD48}.Release|Any CPU.ActiveCfg = Release|Any CPU
		{DE47F8DA-B2B4-4229-98E6-310DCE46DD48}.Release|Any CPU.Build.0 = Release|Any CPU
		{DE47F8DA-B2B4-4229-98E6-310DCE46DD48}.Release|Any CPU.Deploy.0 = Release|Any CPU
		{DE47F8DA-B2B4-4229-98E6-310DCE46DD48}.Release|x64.ActiveCfg = Release|Any CPU
		{DE47F8DA-B2B4-4229-98E6-310DCE46DD48}.Release|x64.Build.0 = Release|Any CPU
		{DE47F8DA-B2B4-4229-98E6-310DCE46DD48}.Release|x64.Deploy.0 = Release|Any CPU
		{DE47F8DA-B2B4-4229-98E6-310DCE46DD48}.Release|x86.ActiveCfg = Release|Any CPU
		{DE47F8DA-B2B4-4229-98E6-310DCE46DD48}.Release|x86.Build.0 = Release|Any CPU
		{DE47F8DA-B2B4-4229-98E6-310DCE46DD48}.Release|x86.Deploy.0 = Release|Any CPU
		{18DEEAE9-5F2C-41F6-B603-503009E0AC45}.Debug|Any CPU.ActiveCfg = Debug|Any CPU
		{18DEEAE9-5F2C-41F6-B603-503009E0AC45}.Debug|Any CPU.Build.0 = Debug|Any CPU
		{18DEEAE9-5F2C-41F6-B603-503009E0AC45}.Debug|Any CPU.Deploy.0 = Debug|Any CPU
		{18DEEAE9-5F2C-41F6-B603-503009E0AC45}.Debug|x64.ActiveCfg = Debug|Any CPU
		{18DEEAE9-5F2C-41F6-B603-503009E0AC45}.Debug|x64.Build.0 = Debug|Any CPU
		{18DEEAE9-5F2C-41F6-B603-503009E0AC45}.Debug|x64.Deploy.0 = Debug|Any CPU
		{18DEEAE9-5F2C-41F6-B603-503009E0AC45}.Debug|x86.ActiveCfg = Debug|Any CPU
		{18DEEAE9-5F2C-41F6-B603-503009E0AC45}.Debug|x86.Build.0 = Debug|Any CPU
		{18DEEAE9-5F2C-41F6-B603-503009E0AC45}.Debug|x86.Deploy.0 = Debug|Any CPU
		{18DEEAE9-5F2C-41F6-B603-503009E0AC45}.Release|Any CPU.ActiveCfg = Release|Any CPU
		{18DEEAE9-5F2C-41F6-B603-503009E0AC45}.Release|Any CPU.Build.0 = Release|Any CPU
		{18DEEAE9-5F2C-41F6-B603-503009E0AC45}.Release|Any CPU.Deploy.0 = Release|Any CPU
		{18DEEAE9-5F2C-41F6-B603-503009E0AC45}.Release|x64.ActiveCfg = Release|Any CPU
		{18DEEAE9-5F2C-41F6-B603-503009E0AC45}.Release|x64.Build.0 = Release|Any CPU
		{18DEEAE9-5F2C-41F6-B603-503009E0AC45}.Release|x64.Deploy.0 = Release|Any CPU
		{18DEEAE9-5F2C-41F6-B603-503009E0AC45}.Release|x86.ActiveCfg = Release|Any CPU
		{18DEEAE9-5F2C-41F6-B603-503009E0AC45}.Release|x86.Build.0 = Release|Any CPU
		{18DEEAE9-5F2C-41F6-B603-503009E0AC45}.Release|x86.Deploy.0 = Release|Any CPU
		{E35A6FFC-9E10-4E53-81D7-ED46CF5E940E}.Debug|Any CPU.ActiveCfg = Debug|Any CPU
		{E35A6FFC-9E10-4E53-81D7-ED46CF5E940E}.Debug|Any CPU.Build.0 = Debug|Any CPU
		{E35A6FFC-9E10-4E53-81D7-ED46CF5E940E}.Debug|x64.ActiveCfg = Debug|Any CPU
		{E35A6FFC-9E10-4E53-81D7-ED46CF5E940E}.Debug|x64.Build.0 = Debug|Any CPU
		{E35A6FFC-9E10-4E53-81D7-ED46CF5E940E}.Debug|x86.ActiveCfg = Debug|Any CPU
		{E35A6FFC-9E10-4E53-81D7-ED46CF5E940E}.Debug|x86.Build.0 = Debug|Any CPU
		{E35A6FFC-9E10-4E53-81D7-ED46CF5E940E}.Release|Any CPU.ActiveCfg = Release|Any CPU
		{E35A6FFC-9E10-4E53-81D7-ED46CF5E940E}.Release|Any CPU.Build.0 = Release|Any CPU
		{E35A6FFC-9E10-4E53-81D7-ED46CF5E940E}.Release|x64.ActiveCfg = Release|Any CPU
		{E35A6FFC-9E10-4E53-81D7-ED46CF5E940E}.Release|x64.Build.0 = Release|Any CPU
		{E35A6FFC-9E10-4E53-81D7-ED46CF5E940E}.Release|x86.ActiveCfg = Release|Any CPU
		{E35A6FFC-9E10-4E53-81D7-ED46CF5E940E}.Release|x86.Build.0 = Release|Any CPU
		{F9B519D3-BCC8-45DE-9B23-96744825A95E}.Debug|Any CPU.ActiveCfg = Debug|Any CPU
		{F9B519D3-BCC8-45DE-9B23-96744825A95E}.Debug|Any CPU.Build.0 = Debug|Any CPU
		{F9B519D3-BCC8-45DE-9B23-96744825A95E}.Debug|x64.ActiveCfg = Debug|Any CPU
		{F9B519D3-BCC8-45DE-9B23-96744825A95E}.Debug|x64.Build.0 = Debug|Any CPU
		{F9B519D3-BCC8-45DE-9B23-96744825A95E}.Debug|x86.ActiveCfg = Debug|Any CPU
		{F9B519D3-BCC8-45DE-9B23-96744825A95E}.Debug|x86.Build.0 = Debug|Any CPU
		{F9B519D3-BCC8-45DE-9B23-96744825A95E}.Release|Any CPU.ActiveCfg = Release|Any CPU
		{F9B519D3-BCC8-45DE-9B23-96744825A95E}.Release|Any CPU.Build.0 = Release|Any CPU
		{F9B519D3-BCC8-45DE-9B23-96744825A95E}.Release|x64.ActiveCfg = Release|Any CPU
		{F9B519D3-BCC8-45DE-9B23-96744825A95E}.Release|x64.Build.0 = Release|Any CPU
		{F9B519D3-BCC8-45DE-9B23-96744825A95E}.Release|x86.ActiveCfg = Release|Any CPU
		{F9B519D3-BCC8-45DE-9B23-96744825A95E}.Release|x86.Build.0 = Release|Any CPU
		{D91F4C4F-F7CF-4F87-AE21-FE1870AF171F}.Debug|Any CPU.ActiveCfg = Debug|Any CPU
		{D91F4C4F-F7CF-4F87-AE21-FE1870AF171F}.Debug|Any CPU.Build.0 = Debug|Any CPU
		{D91F4C4F-F7CF-4F87-AE21-FE1870AF171F}.Debug|x64.ActiveCfg = Debug|Any CPU
		{D91F4C4F-F7CF-4F87-AE21-FE1870AF171F}.Debug|x64.Build.0 = Debug|Any CPU
		{D91F4C4F-F7CF-4F87-AE21-FE1870AF171F}.Debug|x86.ActiveCfg = Debug|Any CPU
		{D91F4C4F-F7CF-4F87-AE21-FE1870AF171F}.Debug|x86.Build.0 = Debug|Any CPU
		{D91F4C4F-F7CF-4F87-AE21-FE1870AF171F}.Release|Any CPU.ActiveCfg = Release|Any CPU
		{D91F4C4F-F7CF-4F87-AE21-FE1870AF171F}.Release|Any CPU.Build.0 = Release|Any CPU
		{D91F4C4F-F7CF-4F87-AE21-FE1870AF171F}.Release|x64.ActiveCfg = Release|Any CPU
		{D91F4C4F-F7CF-4F87-AE21-FE1870AF171F}.Release|x64.Build.0 = Release|Any CPU
		{D91F4C4F-F7CF-4F87-AE21-FE1870AF171F}.Release|x86.ActiveCfg = Release|Any CPU
		{D91F4C4F-F7CF-4F87-AE21-FE1870AF171F}.Release|x86.Build.0 = Release|Any CPU
		{6342F727-E264-4956-8709-D2FDFD8F7768}.Debug|Any CPU.ActiveCfg = Debug|Any CPU
		{6342F727-E264-4956-8709-D2FDFD8F7768}.Debug|Any CPU.Build.0 = Debug|Any CPU
		{6342F727-E264-4956-8709-D2FDFD8F7768}.Debug|x64.ActiveCfg = Debug|Any CPU
		{6342F727-E264-4956-8709-D2FDFD8F7768}.Debug|x64.Build.0 = Debug|Any CPU
		{6342F727-E264-4956-8709-D2FDFD8F7768}.Debug|x86.ActiveCfg = Debug|Any CPU
		{6342F727-E264-4956-8709-D2FDFD8F7768}.Debug|x86.Build.0 = Debug|Any CPU
		{6342F727-E264-4956-8709-D2FDFD8F7768}.Release|Any CPU.ActiveCfg = Release|Any CPU
		{6342F727-E264-4956-8709-D2FDFD8F7768}.Release|Any CPU.Build.0 = Release|Any CPU
		{6342F727-E264-4956-8709-D2FDFD8F7768}.Release|x64.ActiveCfg = Release|Any CPU
		{6342F727-E264-4956-8709-D2FDFD8F7768}.Release|x64.Build.0 = Release|Any CPU
		{6342F727-E264-4956-8709-D2FDFD8F7768}.Release|x86.ActiveCfg = Release|Any CPU
		{6342F727-E264-4956-8709-D2FDFD8F7768}.Release|x86.Build.0 = Release|Any CPU
		{B2C92999-D0BF-42AA-8BFC-6D5E76B866B5}.Debug|Any CPU.ActiveCfg = Debug|Any CPU
		{B2C92999-D0BF-42AA-8BFC-6D5E76B866B5}.Debug|Any CPU.Build.0 = Debug|Any CPU
		{B2C92999-D0BF-42AA-8BFC-6D5E76B866B5}.Debug|x64.ActiveCfg = Debug|Any CPU
		{B2C92999-D0BF-42AA-8BFC-6D5E76B866B5}.Debug|x64.Build.0 = Debug|Any CPU
		{B2C92999-D0BF-42AA-8BFC-6D5E76B866B5}.Debug|x86.ActiveCfg = Debug|Any CPU
		{B2C92999-D0BF-42AA-8BFC-6D5E76B866B5}.Debug|x86.Build.0 = Debug|Any CPU
		{B2C92999-D0BF-42AA-8BFC-6D5E76B866B5}.Release|Any CPU.ActiveCfg = Release|Any CPU
		{B2C92999-D0BF-42AA-8BFC-6D5E76B866B5}.Release|Any CPU.Build.0 = Release|Any CPU
		{B2C92999-D0BF-42AA-8BFC-6D5E76B866B5}.Release|x64.ActiveCfg = Release|Any CPU
		{B2C92999-D0BF-42AA-8BFC-6D5E76B866B5}.Release|x64.Build.0 = Release|Any CPU
		{B2C92999-D0BF-42AA-8BFC-6D5E76B866B5}.Release|x86.ActiveCfg = Release|Any CPU
		{B2C92999-D0BF-42AA-8BFC-6D5E76B866B5}.Release|x86.Build.0 = Release|Any CPU
		{C2CD0D15-E648-4BFD-9744-CD6EB9AA9689}.Debug|Any CPU.ActiveCfg = Debug|Any CPU
		{C2CD0D15-E648-4BFD-9744-CD6EB9AA9689}.Debug|Any CPU.Build.0 = Debug|Any CPU
		{C2CD0D15-E648-4BFD-9744-CD6EB9AA9689}.Debug|x64.ActiveCfg = Debug|Any CPU
		{C2CD0D15-E648-4BFD-9744-CD6EB9AA9689}.Debug|x64.Build.0 = Debug|Any CPU
		{C2CD0D15-E648-4BFD-9744-CD6EB9AA9689}.Debug|x86.ActiveCfg = Debug|Any CPU
		{C2CD0D15-E648-4BFD-9744-CD6EB9AA9689}.Debug|x86.Build.0 = Debug|Any CPU
		{C2CD0D15-E648-4BFD-9744-CD6EB9AA9689}.Release|Any CPU.ActiveCfg = Release|Any CPU
		{C2CD0D15-E648-4BFD-9744-CD6EB9AA9689}.Release|Any CPU.Build.0 = Release|Any CPU
		{C2CD0D15-E648-4BFD-9744-CD6EB9AA9689}.Release|x64.ActiveCfg = Release|Any CPU
		{C2CD0D15-E648-4BFD-9744-CD6EB9AA9689}.Release|x64.Build.0 = Release|Any CPU
		{C2CD0D15-E648-4BFD-9744-CD6EB9AA9689}.Release|x86.ActiveCfg = Release|Any CPU
		{C2CD0D15-E648-4BFD-9744-CD6EB9AA9689}.Release|x86.Build.0 = Release|Any CPU
		{1C6B0A9B-5C4E-4C17-95B9-238AF60C69D0}.Debug|Any CPU.ActiveCfg = Debug|Any CPU
		{1C6B0A9B-5C4E-4C17-95B9-238AF60C69D0}.Debug|Any CPU.Build.0 = Debug|Any CPU
		{1C6B0A9B-5C4E-4C17-95B9-238AF60C69D0}.Debug|x64.ActiveCfg = Debug|Any CPU
		{1C6B0A9B-5C4E-4C17-95B9-238AF60C69D0}.Debug|x64.Build.0 = Debug|Any CPU
		{1C6B0A9B-5C4E-4C17-95B9-238AF60C69D0}.Debug|x86.ActiveCfg = Debug|Any CPU
		{1C6B0A9B-5C4E-4C17-95B9-238AF60C69D0}.Debug|x86.Build.0 = Debug|Any CPU
		{1C6B0A9B-5C4E-4C17-95B9-238AF60C69D0}.Release|Any CPU.ActiveCfg = Release|Any CPU
		{1C6B0A9B-5C4E-4C17-95B9-238AF60C69D0}.Release|Any CPU.Build.0 = Release|Any CPU
		{1C6B0A9B-5C4E-4C17-95B9-238AF60C69D0}.Release|x64.ActiveCfg = Release|Any CPU
		{1C6B0A9B-5C4E-4C17-95B9-238AF60C69D0}.Release|x64.Build.0 = Release|Any CPU
		{1C6B0A9B-5C4E-4C17-95B9-238AF60C69D0}.Release|x86.ActiveCfg = Release|Any CPU
		{1C6B0A9B-5C4E-4C17-95B9-238AF60C69D0}.Release|x86.Build.0 = Release|Any CPU
		{7E7FBA78-A662-4353-8A1D-BDB5137F224F}.Debug|Any CPU.ActiveCfg = Debug|Any CPU
		{7E7FBA78-A662-4353-8A1D-BDB5137F224F}.Debug|Any CPU.Build.0 = Debug|Any CPU
		{7E7FBA78-A662-4353-8A1D-BDB5137F224F}.Debug|Any CPU.Deploy.0 = Debug|Any CPU
		{7E7FBA78-A662-4353-8A1D-BDB5137F224F}.Debug|x64.ActiveCfg = Debug|Any CPU
		{7E7FBA78-A662-4353-8A1D-BDB5137F224F}.Debug|x64.Build.0 = Debug|Any CPU
		{7E7FBA78-A662-4353-8A1D-BDB5137F224F}.Debug|x64.Deploy.0 = Debug|Any CPU
		{7E7FBA78-A662-4353-8A1D-BDB5137F224F}.Debug|x86.ActiveCfg = Debug|Any CPU
		{7E7FBA78-A662-4353-8A1D-BDB5137F224F}.Debug|x86.Build.0 = Debug|Any CPU
		{7E7FBA78-A662-4353-8A1D-BDB5137F224F}.Debug|x86.Deploy.0 = Debug|Any CPU
		{7E7FBA78-A662-4353-8A1D-BDB5137F224F}.Release|Any CPU.ActiveCfg = Release|Any CPU
		{7E7FBA78-A662-4353-8A1D-BDB5137F224F}.Release|Any CPU.Build.0 = Release|Any CPU
		{7E7FBA78-A662-4353-8A1D-BDB5137F224F}.Release|Any CPU.Deploy.0 = Release|Any CPU
		{7E7FBA78-A662-4353-8A1D-BDB5137F224F}.Release|x64.ActiveCfg = Release|Any CPU
		{7E7FBA78-A662-4353-8A1D-BDB5137F224F}.Release|x64.Build.0 = Release|Any CPU
		{7E7FBA78-A662-4353-8A1D-BDB5137F224F}.Release|x64.Deploy.0 = Release|Any CPU
		{7E7FBA78-A662-4353-8A1D-BDB5137F224F}.Release|x86.ActiveCfg = Release|Any CPU
		{7E7FBA78-A662-4353-8A1D-BDB5137F224F}.Release|x86.Build.0 = Release|Any CPU
		{7E7FBA78-A662-4353-8A1D-BDB5137F224F}.Release|x86.Deploy.0 = Release|Any CPU
		{0E8A43E9-7571-4936-91BB-359C329B9C04}.Debug|Any CPU.ActiveCfg = Debug|Any CPU
		{0E8A43E9-7571-4936-91BB-359C329B9C04}.Debug|Any CPU.Build.0 = Debug|Any CPU
		{0E8A43E9-7571-4936-91BB-359C329B9C04}.Debug|Any CPU.Deploy.0 = Debug|Any CPU
		{0E8A43E9-7571-4936-91BB-359C329B9C04}.Debug|x64.ActiveCfg = Debug|Any CPU
		{0E8A43E9-7571-4936-91BB-359C329B9C04}.Debug|x64.Build.0 = Debug|Any CPU
		{0E8A43E9-7571-4936-91BB-359C329B9C04}.Debug|x64.Deploy.0 = Debug|Any CPU
		{0E8A43E9-7571-4936-91BB-359C329B9C04}.Debug|x86.ActiveCfg = Debug|Any CPU
		{0E8A43E9-7571-4936-91BB-359C329B9C04}.Debug|x86.Build.0 = Debug|Any CPU
		{0E8A43E9-7571-4936-91BB-359C329B9C04}.Debug|x86.Deploy.0 = Debug|Any CPU
		{0E8A43E9-7571-4936-91BB-359C329B9C04}.Release|Any CPU.ActiveCfg = Release|Any CPU
		{0E8A43E9-7571-4936-91BB-359C329B9C04}.Release|Any CPU.Build.0 = Release|Any CPU
		{0E8A43E9-7571-4936-91BB-359C329B9C04}.Release|Any CPU.Deploy.0 = Release|Any CPU
		{0E8A43E9-7571-4936-91BB-359C329B9C04}.Release|x64.ActiveCfg = Release|Any CPU
		{0E8A43E9-7571-4936-91BB-359C329B9C04}.Release|x64.Build.0 = Release|Any CPU
		{0E8A43E9-7571-4936-91BB-359C329B9C04}.Release|x64.Deploy.0 = Release|Any CPU
		{0E8A43E9-7571-4936-91BB-359C329B9C04}.Release|x86.ActiveCfg = Release|Any CPU
		{0E8A43E9-7571-4936-91BB-359C329B9C04}.Release|x86.Build.0 = Release|Any CPU
		{0E8A43E9-7571-4936-91BB-359C329B9C04}.Release|x86.Deploy.0 = Release|Any CPU
		{7A5D10B9-F146-446E-8456-13CAC0E67B2F}.Debug|Any CPU.ActiveCfg = Debug|Any CPU
		{7A5D10B9-F146-446E-8456-13CAC0E67B2F}.Debug|Any CPU.Build.0 = Debug|Any CPU
		{7A5D10B9-F146-446E-8456-13CAC0E67B2F}.Debug|Any CPU.Deploy.0 = Debug|Any CPU
		{7A5D10B9-F146-446E-8456-13CAC0E67B2F}.Debug|x64.ActiveCfg = Debug|Any CPU
		{7A5D10B9-F146-446E-8456-13CAC0E67B2F}.Debug|x64.Build.0 = Debug|Any CPU
		{7A5D10B9-F146-446E-8456-13CAC0E67B2F}.Debug|x64.Deploy.0 = Debug|Any CPU
		{7A5D10B9-F146-446E-8456-13CAC0E67B2F}.Debug|x86.ActiveCfg = Debug|Any CPU
		{7A5D10B9-F146-446E-8456-13CAC0E67B2F}.Debug|x86.Build.0 = Debug|Any CPU
		{7A5D10B9-F146-446E-8456-13CAC0E67B2F}.Debug|x86.Deploy.0 = Debug|Any CPU
		{7A5D10B9-F146-446E-8456-13CAC0E67B2F}.Release|Any CPU.ActiveCfg = Release|Any CPU
		{7A5D10B9-F146-446E-8456-13CAC0E67B2F}.Release|Any CPU.Build.0 = Release|Any CPU
		{7A5D10B9-F146-446E-8456-13CAC0E67B2F}.Release|Any CPU.Deploy.0 = Release|Any CPU
		{7A5D10B9-F146-446E-8456-13CAC0E67B2F}.Release|x64.ActiveCfg = Release|Any CPU
		{7A5D10B9-F146-446E-8456-13CAC0E67B2F}.Release|x64.Build.0 = Release|Any CPU
		{7A5D10B9-F146-446E-8456-13CAC0E67B2F}.Release|x64.Deploy.0 = Release|Any CPU
		{7A5D10B9-F146-446E-8456-13CAC0E67B2F}.Release|x86.ActiveCfg = Release|Any CPU
		{7A5D10B9-F146-446E-8456-13CAC0E67B2F}.Release|x86.Build.0 = Release|Any CPU
		{7A5D10B9-F146-446E-8456-13CAC0E67B2F}.Release|x86.Deploy.0 = Release|Any CPU
		{92545CCF-E08E-4F7C-B77B-D5580CB77AD2}.Debug|Any CPU.ActiveCfg = Debug|Any CPU
		{92545CCF-E08E-4F7C-B77B-D5580CB77AD2}.Debug|Any CPU.Build.0 = Debug|Any CPU
		{92545CCF-E08E-4F7C-B77B-D5580CB77AD2}.Debug|Any CPU.Deploy.0 = Debug|Any CPU
		{92545CCF-E08E-4F7C-B77B-D5580CB77AD2}.Debug|x64.ActiveCfg = Debug|Any CPU
		{92545CCF-E08E-4F7C-B77B-D5580CB77AD2}.Debug|x64.Build.0 = Debug|Any CPU
		{92545CCF-E08E-4F7C-B77B-D5580CB77AD2}.Debug|x64.Deploy.0 = Debug|Any CPU
		{92545CCF-E08E-4F7C-B77B-D5580CB77AD2}.Debug|x86.ActiveCfg = Debug|Any CPU
		{92545CCF-E08E-4F7C-B77B-D5580CB77AD2}.Debug|x86.Build.0 = Debug|Any CPU
		{92545CCF-E08E-4F7C-B77B-D5580CB77AD2}.Debug|x86.Deploy.0 = Debug|Any CPU
		{92545CCF-E08E-4F7C-B77B-D5580CB77AD2}.Release|Any CPU.ActiveCfg = Release|Any CPU
		{92545CCF-E08E-4F7C-B77B-D5580CB77AD2}.Release|Any CPU.Build.0 = Release|Any CPU
		{92545CCF-E08E-4F7C-B77B-D5580CB77AD2}.Release|Any CPU.Deploy.0 = Release|Any CPU
		{92545CCF-E08E-4F7C-B77B-D5580CB77AD2}.Release|x64.ActiveCfg = Release|Any CPU
		{92545CCF-E08E-4F7C-B77B-D5580CB77AD2}.Release|x64.Build.0 = Release|Any CPU
		{92545CCF-E08E-4F7C-B77B-D5580CB77AD2}.Release|x64.Deploy.0 = Release|Any CPU
		{92545CCF-E08E-4F7C-B77B-D5580CB77AD2}.Release|x86.ActiveCfg = Release|Any CPU
		{92545CCF-E08E-4F7C-B77B-D5580CB77AD2}.Release|x86.Build.0 = Release|Any CPU
		{92545CCF-E08E-4F7C-B77B-D5580CB77AD2}.Release|x86.Deploy.0 = Release|Any CPU
	EndGlobalSection
	GlobalSection(SolutionProperties) = preSolution
		HideSolutionNode = FALSE
	EndGlobalSection
	GlobalSection(NestedProjects) = preSolution
		{B33BAB01-0854-4D5A-9B90-E4FC1156CFDA} = {783D5000-6184-438A-9B01-3D7090C819E2}
		{A81603A3-C404-441A-B2D1-8F5583046005} = {783D5000-6184-438A-9B01-3D7090C819E2}
		{3190C22A-CF74-4608-8258-E57578589088} = {783D5000-6184-438A-9B01-3D7090C819E2}
		{95FCA797-76BC-4A56-B913-92EF6B22C6E8} = {A81603A3-C404-441A-B2D1-8F5583046005}
		{6ACF69A5-42F6-415D-A2E0-E50107F75D4C} = {A81603A3-C404-441A-B2D1-8F5583046005}
		{89957C1B-A0EF-487A-9C0B-2B33DA57231E} = {A81603A3-C404-441A-B2D1-8F5583046005}
		{C7CA334C-7DB3-4B1E-83EE-864FE091195B} = {A81603A3-C404-441A-B2D1-8F5583046005}
		{ADFB7B3A-EBA1-48CB-A896-A92AF20389C0} = {A81603A3-C404-441A-B2D1-8F5583046005}
		{A5289EC5-D381-4937-ABC5-5E9F41F4FDCC} = {A81603A3-C404-441A-B2D1-8F5583046005}
		{C8BD7C9D-9ECE-4E98-A2C3-0B0576538FF6} = {A81603A3-C404-441A-B2D1-8F5583046005}
		{36830DF2-75D9-450C-928B-2F6CEE6B3D9A} = {A81603A3-C404-441A-B2D1-8F5583046005}
		{D8D48FE3-F89D-4CFD-99C6-AD17123ACC6A} = {36830DF2-75D9-450C-928B-2F6CEE6B3D9A}
		{BAFC389E-3509-409E-9160-714B385F33E7} = {36830DF2-75D9-450C-928B-2F6CEE6B3D9A}
		{D493C577-68A9-4B47-9F90-37F54421A63A} = {36830DF2-75D9-450C-928B-2F6CEE6B3D9A}
		{12FB8898-8DB0-4570-8454-CAF33D0A2C31} = {36830DF2-75D9-450C-928B-2F6CEE6B3D9A}
		{E4593F41-2C52-449D-BA30-762F067FEFD3} = {783D5000-6184-438A-9B01-3D7090C819E2}
		{37583001-3E11-4FD1-84A5-6438FEF03436} = {B33BAB01-0854-4D5A-9B90-E4FC1156CFDA}
		{9385B516-1C5E-47C0-B6F5-DAFE5BF44F3B} = {B33BAB01-0854-4D5A-9B90-E4FC1156CFDA}
		{90D329AA-F973-4076-AD44-33F6CE771994} = {B33BAB01-0854-4D5A-9B90-E4FC1156CFDA}
		{4B23CEB3-F360-40B1-A624-33F4BB11D1B8} = {B33BAB01-0854-4D5A-9B90-E4FC1156CFDA}
		{2A8E71E3-C27F-4E5D-B255-BDCDB1894492} = {B33BAB01-0854-4D5A-9B90-E4FC1156CFDA}
		{FD548668-A4D8-4E9F-9FB0-505E66CA9A46} = {B33BAB01-0854-4D5A-9B90-E4FC1156CFDA}
		{1ACF7038-AA93-42C6-8BB7-F827268E59F6} = {B33BAB01-0854-4D5A-9B90-E4FC1156CFDA}
		{995E19DC-F7B9-4D81-AE6D-5B41415CFA5E} = {3190C22A-CF74-4608-8258-E57578589088}
		{9FDDB085-8ABE-40B7-9718-2396F3101B50} = {3190C22A-CF74-4608-8258-E57578589088}
		{D0CF87C0-73B7-4E66-AE4C-D8A27C206F89} = {3190C22A-CF74-4608-8258-E57578589088}
		{12E19B00-49AB-49CC-AC36-A534D61D65F2} = {3190C22A-CF74-4608-8258-E57578589088}
		{B1B0EDBE-2ED4-4FB7-8E43-047A32FD64CF} = {3190C22A-CF74-4608-8258-E57578589088}
		{2A160B94-894D-4FB2-AC91-0A661B7487BA} = {3190C22A-CF74-4608-8258-E57578589088}
		{6F714FA5-1DDC-473F-95CE-7DFB45E8E182} = {3190C22A-CF74-4608-8258-E57578589088}
		{383A1129-B303-4F24-9A4D-EF8A90BAD4EE} = {3190C22A-CF74-4608-8258-E57578589088}
		{DE47F8DA-B2B4-4229-98E6-310DCE46DD48} = {383A1129-B303-4F24-9A4D-EF8A90BAD4EE}
		{18DEEAE9-5F2C-41F6-B603-503009E0AC45} = {36830DF2-75D9-450C-928B-2F6CEE6B3D9A}
		{F1DC9750-058B-4AEF-93B2-9FDCD70DE296} = {783D5000-6184-438A-9B01-3D7090C819E2}
		{E35A6FFC-9E10-4E53-81D7-ED46CF5E940E} = {F1DC9750-058B-4AEF-93B2-9FDCD70DE296}
		{F9B519D3-BCC8-45DE-9B23-96744825A95E} = {F1DC9750-058B-4AEF-93B2-9FDCD70DE296}
		{D91F4C4F-F7CF-4F87-AE21-FE1870AF171F} = {F1DC9750-058B-4AEF-93B2-9FDCD70DE296}
		{6342F727-E264-4956-8709-D2FDFD8F7768} = {F1DC9750-058B-4AEF-93B2-9FDCD70DE296}
		{B2C92999-D0BF-42AA-8BFC-6D5E76B866B5} = {F1DC9750-058B-4AEF-93B2-9FDCD70DE296}
		{C2CD0D15-E648-4BFD-9744-CD6EB9AA9689} = {F1DC9750-058B-4AEF-93B2-9FDCD70DE296}
		{1C6B0A9B-5C4E-4C17-95B9-238AF60C69D0} = {F1DC9750-058B-4AEF-93B2-9FDCD70DE296}
		{55C7F20B-BCA5-485C-9EFC-EE2AA01F3D05} = {F1DC9750-058B-4AEF-93B2-9FDCD70DE296}
		{7E7FBA78-A662-4353-8A1D-BDB5137F224F} = {55C7F20B-BCA5-485C-9EFC-EE2AA01F3D05}
		{0E8A43E9-7571-4936-91BB-359C329B9C04} = {55C7F20B-BCA5-485C-9EFC-EE2AA01F3D05}
		{7A5D10B9-F146-446E-8456-13CAC0E67B2F} = {55C7F20B-BCA5-485C-9EFC-EE2AA01F3D05}
		{92545CCF-E08E-4F7C-B77B-D5580CB77AD2} = {55C7F20B-BCA5-485C-9EFC-EE2AA01F3D05}
	EndGlobalSection
EndGlobal
