
Microsoft Visual Studio Solution File, Format Version 12.00
# Visual Studio 2013
VisualStudioVersion = 12.0.31101.0
MinimumVisualStudioVersion = 10.0.40219.1
Project("{FAE04EC0-301F-11D3-BF4B-00C04F79EFBC}") = "PervasiveDigital.Utility", "PervasiveDigital.Utility\PervasiveDigital.Utility.csproj", "{55830EE2-9538-4D00-B62F-C53B4056E96D}"
EndProject
Project("{FAE04EC0-301F-11D3-BF4B-00C04F79EFBC}") = "PervasiveDigital.Net", "PervasiveDigital.Net\PervasiveDigital.Net.csproj", "{CB2A8B83-5CFB-4DBB-B794-35B3BB1C43A6}"
EndProject
Project("{2150E333-8FDC-42A3-9474-1A3956D46DE8}") = "Source", "Source", "{783D5000-6184-438A-9B01-3D7090C819E2}"
EndProject
Project("{2150E333-8FDC-42A3-9474-1A3956D46DE8}") = "Scripts", "Scripts", "{0DB56C1C-61C0-4CB6-BE68-E0887CF2E823}"
	ProjectSection(SolutionItems) = preProject
		Scripts\SolutionPostBuild.ps1 = Scripts\SolutionPostBuild.ps1
		Scripts\SolutionPreBuild.ps1 = Scripts\SolutionPreBuild.ps1
	EndProjectSection
EndProject
Project("{2150E333-8FDC-42A3-9474-1A3956D46DE8}") = "Nuget", "Nuget", "{258FCE06-C495-4151-B81D-71BA31C282E2}"
	ProjectSection(SolutionItems) = preProject
		nuget\PervasiveDigital.Diagnostics.nuspec = nuget\PervasiveDigital.Diagnostics.nuspec
		nuget\PervasiveDigital.Hardware.ESP8266.nuspec = nuget\PervasiveDigital.Hardware.ESP8266.nuspec
		nuget\PervasiveDigital.Net.Azure.MobileServices.nuspec = nuget\PervasiveDigital.Net.Azure.MobileServices.nuspec
		nuget\PervasiveDigital.Net.Azure.Storage.nuspec = nuget\PervasiveDigital.Net.Azure.Storage.nuspec
		nuget\PervasiveDigital.Net.nuspec = nuget\PervasiveDigital.Net.nuspec
		nuget\PervasiveDigital.Security.ManagedProviders.nuspec = nuget\PervasiveDigital.Security.ManagedProviders.nuspec
		nuget\PervasiveDigital.Utility.nuspec = nuget\PervasiveDigital.Utility.nuspec
		Version.xml = Version.xml
	EndProjectSection
EndProject
Project("{2150E333-8FDC-42A3-9474-1A3956D46DE8}") = ".nuget", ".nuget", "{2F1FD6BD-AC44-490B-B840-7C0A9179D292}"
	ProjectSection(SolutionItems) = preProject
		.nuget\NuGet.Config = .nuget\NuGet.Config
		.nuget\NuGet.exe = .nuget\NuGet.exe
		.nuget\NuGet.targets = .nuget\NuGet.targets
	EndProjectSection
EndProject
Project("{FAE04EC0-301F-11D3-BF4B-00C04F79EFBC}") = "PervasiveDigital.Net.Azure.MobileServices", "PervasiveDigital.Net.Azure.MobileServices\PervasiveDigital.Net.Azure.MobileServices.csproj", "{6CA264D3-75A4-4710-A349-6CDC0B410932}"
EndProject
Project("{FAE04EC0-301F-11D3-BF4B-00C04F79EFBC}") = "PervasiveDigital.Hardware.ESP8266", "PervasiveDigital.Hardware.ESP8266\PervasiveDigital.Hardware.ESP8266.csproj", "{DA09F76E-1655-442D-A3AC-3892FA963677}"
EndProject
Project("{FAE04EC0-301F-11D3-BF4B-00C04F79EFBC}") = "PervasiveDigital.Security.ManagedProviders", "PervasiveDigital.Security.ManagedProviders\PervasiveDigital.Security.ManagedProviders.csproj", "{427FB18C-50A6-4BAF-88B7-AEE79B02F3DA}"
EndProject
Project("{FAE04EC0-301F-11D3-BF4B-00C04F79EFBC}") = "PervasiveDigital.Net.Azure.Storage", "PervasiveDigital.Net.Azure.Storage\PervasiveDigital.Net.Azure.Storage.csproj", "{FCEFF7FA-DAC3-46C3-8046-BB698C36C0DE}"
EndProject
Project("{2150E333-8FDC-42A3-9474-1A3956D46DE8}") = "Tests", "Tests", "{1A2A6141-9E46-449F-A40B-AEAC5BE9605F}"
EndProject
Project("{FAE04EC0-301F-11D3-BF4B-00C04F79EFBC}") = "AzureBlobTest", "tests\AzureBlobTest\AzureBlobTest.csproj", "{E749AC4F-3BCF-4CEB-A095-36109A962B57}"
EndProject
Project("{FAE04EC0-301F-11D3-BF4B-00C04F79EFBC}") = "PervasiveDigital.Diagnostics", "PervasiveDigital.Diagnostics\PervasiveDigital.Diagnostics.csproj", "{17FD0CC3-7D8E-4685-9090-BF85C3324412}"
EndProject
Project("{2150E333-8FDC-42A3-9474-1A3956D46DE8}") = "Tagger", "Tagger", "{50469662-C03C-459D-A548-014A2588B4E0}"
EndProject
Project("{FAE04EC0-301F-11D3-BF4B-00C04F79EFBC}") = "DiagnosticsTest", "DiagnosticsTest\DiagnosticsTest.csproj", "{12FB8898-8DB0-4570-8454-CAF33D0A2C31}"
EndProject
Project("{FAE04EC0-301F-11D3-BF4B-00C04F79EFBC}") = "SimpleHttpTest", "SimpleHttpTest\SimpleHttpTest.csproj", "{0AC973AC-A6ED-458C-B155-6DF961469D95}"
EndProject
Project("{FAE04EC0-301F-11D3-BF4B-00C04F79EFBC}") = "UpdateTest", "tests\UpdateTest\UpdateTest.csproj", "{15AB1536-AC65-421F-84CD-225D6DEDE340}"
EndProject
Global
	GlobalSection(SolutionConfigurationPlatforms) = preSolution
		Debug|Any CPU = Debug|Any CPU
		Release|Any CPU = Release|Any CPU
	EndGlobalSection
	GlobalSection(ProjectConfigurationPlatforms) = postSolution
		{55830EE2-9538-4D00-B62F-C53B4056E96D}.Debug|Any CPU.ActiveCfg = Debug|Any CPU
		{55830EE2-9538-4D00-B62F-C53B4056E96D}.Debug|Any CPU.Build.0 = Debug|Any CPU
		{55830EE2-9538-4D00-B62F-C53B4056E96D}.Release|Any CPU.ActiveCfg = Release|Any CPU
		{55830EE2-9538-4D00-B62F-C53B4056E96D}.Release|Any CPU.Build.0 = Release|Any CPU
		{CB2A8B83-5CFB-4DBB-B794-35B3BB1C43A6}.Debug|Any CPU.ActiveCfg = Debug|Any CPU
		{CB2A8B83-5CFB-4DBB-B794-35B3BB1C43A6}.Debug|Any CPU.Build.0 = Debug|Any CPU
		{CB2A8B83-5CFB-4DBB-B794-35B3BB1C43A6}.Release|Any CPU.ActiveCfg = Release|Any CPU
		{CB2A8B83-5CFB-4DBB-B794-35B3BB1C43A6}.Release|Any CPU.Build.0 = Release|Any CPU
		{6CA264D3-75A4-4710-A349-6CDC0B410932}.Debug|Any CPU.ActiveCfg = Debug|Any CPU
		{6CA264D3-75A4-4710-A349-6CDC0B410932}.Debug|Any CPU.Build.0 = Debug|Any CPU
		{6CA264D3-75A4-4710-A349-6CDC0B410932}.Release|Any CPU.ActiveCfg = Release|Any CPU
		{6CA264D3-75A4-4710-A349-6CDC0B410932}.Release|Any CPU.Build.0 = Release|Any CPU
		{DA09F76E-1655-442D-A3AC-3892FA963677}.Debug|Any CPU.ActiveCfg = Debug|Any CPU
		{DA09F76E-1655-442D-A3AC-3892FA963677}.Debug|Any CPU.Build.0 = Debug|Any CPU
		{DA09F76E-1655-442D-A3AC-3892FA963677}.Release|Any CPU.ActiveCfg = Release|Any CPU
		{DA09F76E-1655-442D-A3AC-3892FA963677}.Release|Any CPU.Build.0 = Release|Any CPU
		{427FB18C-50A6-4BAF-88B7-AEE79B02F3DA}.Debug|Any CPU.ActiveCfg = Debug|Any CPU
		{427FB18C-50A6-4BAF-88B7-AEE79B02F3DA}.Debug|Any CPU.Build.0 = Debug|Any CPU
		{427FB18C-50A6-4BAF-88B7-AEE79B02F3DA}.Release|Any CPU.ActiveCfg = Release|Any CPU
		{427FB18C-50A6-4BAF-88B7-AEE79B02F3DA}.Release|Any CPU.Build.0 = Release|Any CPU
		{FCEFF7FA-DAC3-46C3-8046-BB698C36C0DE}.Debug|Any CPU.ActiveCfg = Debug|Any CPU
		{FCEFF7FA-DAC3-46C3-8046-BB698C36C0DE}.Debug|Any CPU.Build.0 = Debug|Any CPU
		{FCEFF7FA-DAC3-46C3-8046-BB698C36C0DE}.Release|Any CPU.ActiveCfg = Release|Any CPU
		{FCEFF7FA-DAC3-46C3-8046-BB698C36C0DE}.Release|Any CPU.Build.0 = Release|Any CPU
		{E749AC4F-3BCF-4CEB-A095-36109A962B57}.Debug|Any CPU.ActiveCfg = Debug|Any CPU
		{E749AC4F-3BCF-4CEB-A095-36109A962B57}.Debug|Any CPU.Build.0 = Debug|Any CPU
		{E749AC4F-3BCF-4CEB-A095-36109A962B57}.Debug|Any CPU.Deploy.0 = Debug|Any CPU
		{E749AC4F-3BCF-4CEB-A095-36109A962B57}.Release|Any CPU.ActiveCfg = Release|Any CPU
		{E749AC4F-3BCF-4CEB-A095-36109A962B57}.Release|Any CPU.Build.0 = Release|Any CPU
		{E749AC4F-3BCF-4CEB-A095-36109A962B57}.Release|Any CPU.Deploy.0 = Release|Any CPU
		{17FD0CC3-7D8E-4685-9090-BF85C3324412}.Debug|Any CPU.ActiveCfg = Debug|Any CPU
		{17FD0CC3-7D8E-4685-9090-BF85C3324412}.Debug|Any CPU.Build.0 = Debug|Any CPU
		{17FD0CC3-7D8E-4685-9090-BF85C3324412}.Release|Any CPU.ActiveCfg = Release|Any CPU
		{17FD0CC3-7D8E-4685-9090-BF85C3324412}.Release|Any CPU.Build.0 = Release|Any CPU
		{12FB8898-8DB0-4570-8454-CAF33D0A2C31}.Debug|Any CPU.ActiveCfg = Debug|Any CPU
		{12FB8898-8DB0-4570-8454-CAF33D0A2C31}.Debug|Any CPU.Build.0 = Debug|Any CPU
		{12FB8898-8DB0-4570-8454-CAF33D0A2C31}.Debug|Any CPU.Deploy.0 = Debug|Any CPU
		{12FB8898-8DB0-4570-8454-CAF33D0A2C31}.Release|Any CPU.ActiveCfg = Release|Any CPU
		{12FB8898-8DB0-4570-8454-CAF33D0A2C31}.Release|Any CPU.Build.0 = Release|Any CPU
		{12FB8898-8DB0-4570-8454-CAF33D0A2C31}.Release|Any CPU.Deploy.0 = Release|Any CPU
		{0AC973AC-A6ED-458C-B155-6DF961469D95}.Debug|Any CPU.ActiveCfg = Debug|Any CPU
		{0AC973AC-A6ED-458C-B155-6DF961469D95}.Debug|Any CPU.Build.0 = Debug|Any CPU
		{0AC973AC-A6ED-458C-B155-6DF961469D95}.Debug|Any CPU.Deploy.0 = Debug|Any CPU
		{0AC973AC-A6ED-458C-B155-6DF961469D95}.Release|Any CPU.ActiveCfg = Release|Any CPU
		{0AC973AC-A6ED-458C-B155-6DF961469D95}.Release|Any CPU.Build.0 = Release|Any CPU
		{0AC973AC-A6ED-458C-B155-6DF961469D95}.Release|Any CPU.Deploy.0 = Release|Any CPU
		{15AB1536-AC65-421F-84CD-225D6DEDE340}.Debug|Any CPU.ActiveCfg = Debug|Any CPU
		{15AB1536-AC65-421F-84CD-225D6DEDE340}.Debug|Any CPU.Build.0 = Debug|Any CPU
		{15AB1536-AC65-421F-84CD-225D6DEDE340}.Debug|Any CPU.Deploy.0 = Debug|Any CPU
		{15AB1536-AC65-421F-84CD-225D6DEDE340}.Release|Any CPU.ActiveCfg = Release|Any CPU
		{15AB1536-AC65-421F-84CD-225D6DEDE340}.Release|Any CPU.Build.0 = Release|Any CPU
		{15AB1536-AC65-421F-84CD-225D6DEDE340}.Release|Any CPU.Deploy.0 = Release|Any CPU
	EndGlobalSection
	GlobalSection(SolutionProperties) = preSolution
		HideSolutionNode = FALSE
	EndGlobalSection
	GlobalSection(NestedProjects) = preSolution
		{55830EE2-9538-4D00-B62F-C53B4056E96D} = {783D5000-6184-438A-9B01-3D7090C819E2}
		{CB2A8B83-5CFB-4DBB-B794-35B3BB1C43A6} = {783D5000-6184-438A-9B01-3D7090C819E2}
		{6CA264D3-75A4-4710-A349-6CDC0B410932} = {783D5000-6184-438A-9B01-3D7090C819E2}
		{DA09F76E-1655-442D-A3AC-3892FA963677} = {783D5000-6184-438A-9B01-3D7090C819E2}
		{427FB18C-50A6-4BAF-88B7-AEE79B02F3DA} = {783D5000-6184-438A-9B01-3D7090C819E2}
		{FCEFF7FA-DAC3-46C3-8046-BB698C36C0DE} = {783D5000-6184-438A-9B01-3D7090C819E2}
		{E749AC4F-3BCF-4CEB-A095-36109A962B57} = {1A2A6141-9E46-449F-A40B-AEAC5BE9605F}
		{17FD0CC3-7D8E-4685-9090-BF85C3324412} = {783D5000-6184-438A-9B01-3D7090C819E2}
		{12FB8898-8DB0-4570-8454-CAF33D0A2C31} = {1A2A6141-9E46-449F-A40B-AEAC5BE9605F}
		{0AC973AC-A6ED-458C-B155-6DF961469D95} = {1A2A6141-9E46-449F-A40B-AEAC5BE9605F}
		{15AB1536-AC65-421F-84CD-225D6DEDE340} = {1A2A6141-9E46-449F-A40B-AEAC5BE9605F}
	EndGlobalSection
EndGlobal
